// !$*UTF8*$!
{
	archiveVersion = 1;
	classes = {
	};
	objectVersion = 46;
	objects = {

/* Begin PBXBuildFile section */
		4C1440AE167DBB6E006478A6 /* PennMeetLoginViewController.m in Sources */ = {isa = PBXBuildFile; fileRef = 4C1440AD167DBB6E006478A6 /* PennMeetLoginViewController.m */; };
		4C1440C6167DC4BB006478A6 /* benjamins.gif in Resources */ = {isa = PBXBuildFile; fileRef = 4C1440C5167DC4BB006478A6 /* benjamins.gif */; };
		4C1440C9167DCA3F006478A6 /* redox_01_@2X.png in Resources */ = {isa = PBXBuildFile; fileRef = 4C1440C8167DCA3F006478A6 /* redox_01_@2X.png */; };
		4C1440CB167DCA4A006478A6 /* redox_01.png in Resources */ = {isa = PBXBuildFile; fileRef = 4C1440CA167DCA4A006478A6 /* redox_01.png */; };
		4C194493167A9E1B002B63E5 /* PennMeetCreateGroupViewController.mm in Sources */ = {isa = PBXBuildFile; fileRef = 4C194492167A9E1B002B63E5 /* PennMeetCreateGroupViewController.mm */; };
		4C194684167AE5EE002B63E5 /* PennMeetUser.m in Sources */ = {isa = PBXBuildFile; fileRef = 4C194683167AE5EE002B63E5 /* PennMeetUser.m */; };
		4C194687167AEB1D002B63E5 /* PennMeetCurrentLoggedInUser.m in Sources */ = {isa = PBXBuildFile; fileRef = 4C194686167AEB1D002B63E5 /* PennMeetCurrentLoggedInUser.m */; };
		4C1BA283167AF2C40078D2CB /* PennMeetGroup.m in Sources */ = {isa = PBXBuildFile; fileRef = 4C1BA282167AF2C40078D2CB /* PennMeetGroup.m */; };
		4C1BA286167B0CD00078D2CB /* PennMeetGroupViewController.m in Sources */ = {isa = PBXBuildFile; fileRef = 4C1BA285167B0CD00078D2CB /* PennMeetGroupViewController.m */; };
		4C2548FE1688DC7900AAB225 /* FacebookSDK in Frameworks */ = {isa = PBXBuildFile; fileRef = 4CBAD73916864B8E00142B33 /* FacebookSDK */; };
		4C276C4C167CFCEE00D2FD95 /* PennMeetSimplifiedGroup.m in Sources */ = {isa = PBXBuildFile; fileRef = 4C276C4B167CFCEE00D2FD95 /* PennMeetSimplifiedGroup.m */; };
		4C2D76FA167CE068001071B3 /* group_glyph.png in Resources */ = {isa = PBXBuildFile; fileRef = 4C2D76F9167CE068001071B3 /* group_glyph.png */; };
		4C2D76FD167CE092001071B3 /* glyphicons_003_user.png in Resources */ = {isa = PBXBuildFile; fileRef = 4C2D76FC167CE092001071B3 /* glyphicons_003_user.png */; };
		4C2D76FF167CE113001071B3 /* glyphicons_011_camera.png in Resources */ = {isa = PBXBuildFile; fileRef = 4C2D76FE167CE113001071B3 /* glyphicons_011_camera.png */; };
		4C4AAA00167E4FDD00A546CF /* Social.framework in Frameworks */ = {isa = PBXBuildFile; fileRef = 4C4AA9FE167E4FC700A546CF /* Social.framework */; settings = {ATTRIBUTES = (Weak, ); }; };
		4C4AAA01167E4FDD00A546CF /* Accounts.framework in Frameworks */ = {isa = PBXBuildFile; fileRef = 4C4AA9FC167E4FC300A546CF /* Accounts.framework */; settings = {ATTRIBUTES = (Weak, ); }; };
		4C4AAA02167E4FDD00A546CF /* AdSupport.framework in Frameworks */ = {isa = PBXBuildFile; fileRef = 4C4AA9FA167E4FBA00A546CF /* AdSupport.framework */; settings = {ATTRIBUTES = (Weak, ); }; };
		4C524F5C167D60D80080E15C /* PennMeetEditProfileViewController.m in Sources */ = {isa = PBXBuildFile; fileRef = 4C524F5B167D60D80080E15C /* PennMeetEditProfileViewController.m */; };
		4C67044B1684E8E40026E8C9 /* libzbar.a in Frameworks */ = {isa = PBXBuildFile; fileRef = B8CE0201167E6E9D002DFBF5 /* libzbar.a */; };
		4C7E7165167A45E0007C1B87 /* UIKit.framework in Frameworks */ = {isa = PBXBuildFile; fileRef = 4C7E7164167A45E0007C1B87 /* UIKit.framework */; };
		4C7E7167167A45E0007C1B87 /* Foundation.framework in Frameworks */ = {isa = PBXBuildFile; fileRef = 4C7E7166167A45E0007C1B87 /* Foundation.framework */; };
		4C7E7169167A45E0007C1B87 /* CoreGraphics.framework in Frameworks */ = {isa = PBXBuildFile; fileRef = 4C7E7168167A45E0007C1B87 /* CoreGraphics.framework */; };
		4C7E716F167A45E0007C1B87 /* InfoPlist.strings in Resources */ = {isa = PBXBuildFile; fileRef = 4C7E716D167A45E0007C1B87 /* InfoPlist.strings */; };
		4C7E7171167A45E0007C1B87 /* main.m in Sources */ = {isa = PBXBuildFile; fileRef = 4C7E7170167A45E0007C1B87 /* main.m */; };
		4C7E7175167A45E0007C1B87 /* PennMeetAppDelegate.m in Sources */ = {isa = PBXBuildFile; fileRef = 4C7E7174167A45E0007C1B87 /* PennMeetAppDelegate.m */; };
		4C7E7177167A45E0007C1B87 /* Default.png in Resources */ = {isa = PBXBuildFile; fileRef = 4C7E7176167A45E0007C1B87 /* Default.png */; };
		4C7E7179167A45E0007C1B87 /* Default@2x.png in Resources */ = {isa = PBXBuildFile; fileRef = 4C7E7178167A45E0007C1B87 /* Default@2x.png */; };
		4C7E717B167A45E0007C1B87 /* Default-568h@2x.png in Resources */ = {isa = PBXBuildFile; fileRef = 4C7E717A167A45E0007C1B87 /* Default-568h@2x.png */; };
		4C7E717E167A45E0007C1B87 /* MainStoryboard.storyboard in Resources */ = {isa = PBXBuildFile; fileRef = 4C7E717C167A45E0007C1B87 /* MainStoryboard.storyboard */; };
		4C7E7181167A45E0007C1B87 /* PennMeetFirstViewController.m in Sources */ = {isa = PBXBuildFile; fileRef = 4C7E7180167A45E0007C1B87 /* PennMeetFirstViewController.m */; };
		4C7E7183167A45E0007C1B87 /* first.png in Resources */ = {isa = PBXBuildFile; fileRef = 4C7E7182167A45E0007C1B87 /* first.png */; };
		4C7E7185167A45E0007C1B87 /* first@2x.png in Resources */ = {isa = PBXBuildFile; fileRef = 4C7E7184167A45E0007C1B87 /* first@2x.png */; };
		4C7E7188167A45E0007C1B87 /* PennMeetSecondViewController.m in Sources */ = {isa = PBXBuildFile; fileRef = 4C7E7187167A45E0007C1B87 /* PennMeetSecondViewController.m */; };
		4C7E718A167A45E0007C1B87 /* second.png in Resources */ = {isa = PBXBuildFile; fileRef = 4C7E7189167A45E0007C1B87 /* second.png */; };
		4C7E718C167A45E0007C1B87 /* second@2x.png in Resources */ = {isa = PBXBuildFile; fileRef = 4C7E718B167A45E0007C1B87 /* second@2x.png */; };
		4C7E7199167A45FC007C1B87 /* fb_circ.png in Resources */ = {isa = PBXBuildFile; fileRef = 4C7E7192167A45FC007C1B87 /* fb_circ.png */; };
		4C7E719A167A45FC007C1B87 /* foggy_birds_@2X.png in Resources */ = {isa = PBXBuildFile; fileRef = 4C7E7193167A45FC007C1B87 /* foggy_birds_@2X.png */; };
		4C7E719B167A45FC007C1B87 /* foggy_birds.png in Resources */ = {isa = PBXBuildFile; fileRef = 4C7E7194167A45FC007C1B87 /* foggy_birds.png */; };
		4C7E719C167A45FC007C1B87 /* groups1.png in Resources */ = {isa = PBXBuildFile; fileRef = 4C7E7195167A45FC007C1B87 /* groups1.png */; };
		4C7E719D167A45FC007C1B87 /* pennmeet-icon.png in Resources */ = {isa = PBXBuildFile; fileRef = 4C7E7196167A45FC007C1B87 /* pennmeet-icon.png */; };
		4C7E719F167A45FC007C1B87 /* twitter_circ.png in Resources */ = {isa = PBXBuildFile; fileRef = 4C7E7198167A45FC007C1B87 /* twitter_circ.png */; };
		4CA49DAA167A9416005B8D44 /* plus_black.png in Resources */ = {isa = PBXBuildFile; fileRef = 4CA49DA8167A9416005B8D44 /* plus_black.png */; };
		4CA49DAB167A9416005B8D44 /* plus_white.png in Resources */ = {isa = PBXBuildFile; fileRef = 4CA49DA9167A9416005B8D44 /* plus_white.png */; };
		4CA49DAF167A9499005B8D44 /* PennMeetThirdViewController.m in Sources */ = {isa = PBXBuildFile; fileRef = 4CA49DAE167A9499005B8D44 /* PennMeetThirdViewController.m */; };
		4CBAD73216864B7D00142B33 /* FacebookSDKResources.bundle in Resources */ = {isa = PBXBuildFile; fileRef = 4CBAD6F216864B7D00142B33 /* FacebookSDKResources.bundle */; };
		4CBAD73316864B7D00142B33 /* FBUserSettingsViewResources.bundle in Resources */ = {isa = PBXBuildFile; fileRef = 4CBAD6F316864B7D00142B33 /* FBUserSettingsViewResources.bundle */; };
		4CBAD73416864B7D00142B33 /* Info.plist in Resources */ = {isa = PBXBuildFile; fileRef = 4CBAD6F416864B7D00142B33 /* Info.plist */; };
		4CBC47C0167B325100B20DF6 /* 01-refresh.png in Resources */ = {isa = PBXBuildFile; fileRef = 4CBC47BF167B325100B20DF6 /* 01-refresh.png */; };
		4CD0B893167E7A0000661CC6 /* PennMeetSignUpViewController.m in Sources */ = {isa = PBXBuildFile; fileRef = 4CD0B892167E7A0000661CC6 /* PennMeetSignUpViewController.m */; };
		4CE1FED9167B279C003ED5A8 /* refresh.png in Resources */ = {isa = PBXBuildFile; fileRef = 4CE1FED8167B279C003ED5A8 /* refresh.png */; };
		B82AC00F167D967E00D85472 /* DataMatrix.mm in Sources */ = {isa = PBXBuildFile; fileRef = B82AC006167D967E00D85472 /* DataMatrix.mm */; };
		B82AC010167D967E00D85472 /* QR_Encode.cpp in Sources */ = {isa = PBXBuildFile; fileRef = B82AC007167D967E00D85472 /* QR_Encode.cpp */; };
		B82AC011167D967E00D85472 /* QRCodeEncoderDemoViewController.mm in Sources */ = {isa = PBXBuildFile; fileRef = B82AC00A167D967E00D85472 /* QRCodeEncoderDemoViewController.mm */; };
		B82AC012167D967E00D85472 /* QREncoder.mm in Sources */ = {isa = PBXBuildFile; fileRef = B82AC00E167D967E00D85472 /* QREncoder.mm */; };
		B83F123E167E763B0008384B /* AVFoundation.framework in Frameworks */ = {isa = PBXBuildFile; fileRef = B83F1239167E763B0008384B /* AVFoundation.framework */; };
		B83F123F167E763B0008384B /* CoreMedia.framework in Frameworks */ = {isa = PBXBuildFile; fileRef = B83F123A167E763B0008384B /* CoreMedia.framework */; };
		B83F1240167E763B0008384B /* CoreVideo.framework in Frameworks */ = {isa = PBXBuildFile; fileRef = B83F123B167E763B0008384B /* CoreVideo.framework */; };
		B83F1241167E763B0008384B /* libiconv.dylib in Frameworks */ = {isa = PBXBuildFile; fileRef = B83F123C167E763B0008384B /* libiconv.dylib */; };
		B83F1242167E763B0008384B /* QuartzCore.framework in Frameworks */ = {isa = PBXBuildFile; fileRef = B83F123D167E763B0008384B /* QuartzCore.framework */; };
		B8CE01E8167E6697002DFBF5 /* MobileCoreServices.framework in Frameworks */ = {isa = PBXBuildFile; fileRef = B8CE01E7167E6697002DFBF5 /* MobileCoreServices.framework */; };
		B8CE0208167E6E9D002DFBF5 /* zbar-back.png in Resources */ = {isa = PBXBuildFile; fileRef = B8CE0203167E6E9D002DFBF5 /* zbar-back.png */; };
		B8CE0209167E6E9D002DFBF5 /* zbar-help.html in Resources */ = {isa = PBXBuildFile; fileRef = B8CE0204167E6E9D002DFBF5 /* zbar-help.html */; };
		B8CE020A167E6E9D002DFBF5 /* zbar-helpicons.png in Resources */ = {isa = PBXBuildFile; fileRef = B8CE0205167E6E9D002DFBF5 /* zbar-helpicons.png */; };
		B8CE020B167E6E9D002DFBF5 /* zbar-samples.png in Resources */ = {isa = PBXBuildFile; fileRef = B8CE0206167E6E9D002DFBF5 /* zbar-samples.png */; };
/* End PBXBuildFile section */

/* Begin PBXFileReference section */
		4C1440AC167DBB6E006478A6 /* PennMeetLoginViewController.h */ = {isa = PBXFileReference; fileEncoding = 4; lastKnownFileType = sourcecode.c.h; path = PennMeetLoginViewController.h; sourceTree = "<group>"; };
		4C1440AD167DBB6E006478A6 /* PennMeetLoginViewController.m */ = {isa = PBXFileReference; fileEncoding = 4; lastKnownFileType = sourcecode.c.objc; path = PennMeetLoginViewController.m; sourceTree = "<group>"; };
		4C1440C5167DC4BB006478A6 /* benjamins.gif */ = {isa = PBXFileReference; lastKnownFileType = image.gif; path = benjamins.gif; sourceTree = "<group>"; };
		4C1440C8167DCA3F006478A6 /* redox_01_@2X.png */ = {isa = PBXFileReference; lastKnownFileType = image.png; path = "redox_01_@2X.png"; sourceTree = "<group>"; };
		4C1440CA167DCA4A006478A6 /* redox_01.png */ = {isa = PBXFileReference; lastKnownFileType = image.png; path = redox_01.png; sourceTree = "<group>"; };
		4C194491167A9E1B002B63E5 /* PennMeetCreateGroupViewController.h */ = {isa = PBXFileReference; fileEncoding = 4; lastKnownFileType = sourcecode.c.h; path = PennMeetCreateGroupViewController.h; sourceTree = "<group>"; };
		4C194492167A9E1B002B63E5 /* PennMeetCreateGroupViewController.mm */ = {isa = PBXFileReference; fileEncoding = 4; lastKnownFileType = sourcecode.cpp.objcpp; path = PennMeetCreateGroupViewController.mm; sourceTree = "<group>"; };
		4C194682167AE5EE002B63E5 /* PennMeetUser.h */ = {isa = PBXFileReference; fileEncoding = 4; lastKnownFileType = sourcecode.c.h; path = PennMeetUser.h; sourceTree = "<group>"; };
		4C194683167AE5EE002B63E5 /* PennMeetUser.m */ = {isa = PBXFileReference; fileEncoding = 4; lastKnownFileType = sourcecode.c.objc; path = PennMeetUser.m; sourceTree = "<group>"; };
		4C194685167AEB1D002B63E5 /* PennMeetCurrentLoggedInUser.h */ = {isa = PBXFileReference; fileEncoding = 4; lastKnownFileType = sourcecode.c.h; path = PennMeetCurrentLoggedInUser.h; sourceTree = "<group>"; };
		4C194686167AEB1D002B63E5 /* PennMeetCurrentLoggedInUser.m */ = {isa = PBXFileReference; fileEncoding = 4; lastKnownFileType = sourcecode.c.objc; path = PennMeetCurrentLoggedInUser.m; sourceTree = "<group>"; };
		4C1BA281167AF2C40078D2CB /* PennMeetGroup.h */ = {isa = PBXFileReference; fileEncoding = 4; lastKnownFileType = sourcecode.c.h; path = PennMeetGroup.h; sourceTree = "<group>"; };
		4C1BA282167AF2C40078D2CB /* PennMeetGroup.m */ = {isa = PBXFileReference; fileEncoding = 4; lastKnownFileType = sourcecode.c.objc; path = PennMeetGroup.m; sourceTree = "<group>"; };
		4C1BA284167B0CD00078D2CB /* PennMeetGroupViewController.h */ = {isa = PBXFileReference; fileEncoding = 4; lastKnownFileType = sourcecode.c.h; path = PennMeetGroupViewController.h; sourceTree = "<group>"; };
		4C1BA285167B0CD00078D2CB /* PennMeetGroupViewController.m */ = {isa = PBXFileReference; fileEncoding = 4; lastKnownFileType = sourcecode.c.objc; path = PennMeetGroupViewController.m; sourceTree = "<group>"; };
		4C276C4A167CFCEE00D2FD95 /* PennMeetSimplifiedGroup.h */ = {isa = PBXFileReference; fileEncoding = 4; lastKnownFileType = sourcecode.c.h; path = PennMeetSimplifiedGroup.h; sourceTree = "<group>"; };
		4C276C4B167CFCEE00D2FD95 /* PennMeetSimplifiedGroup.m */ = {isa = PBXFileReference; fileEncoding = 4; lastKnownFileType = sourcecode.c.objc; path = PennMeetSimplifiedGroup.m; sourceTree = "<group>"; };
		4C2D76F9167CE068001071B3 /* group_glyph.png */ = {isa = PBXFileReference; lastKnownFileType = image.png; path = group_glyph.png; sourceTree = "<group>"; };
		4C2D76FC167CE092001071B3 /* glyphicons_003_user.png */ = {isa = PBXFileReference; lastKnownFileType = image.png; path = glyphicons_003_user.png; sourceTree = "<group>"; };
		4C2D76FE167CE113001071B3 /* glyphicons_011_camera.png */ = {isa = PBXFileReference; lastKnownFileType = image.png; path = glyphicons_011_camera.png; sourceTree = "<group>"; };
		4C4AA9FA167E4FBA00A546CF /* AdSupport.framework */ = {isa = PBXFileReference; lastKnownFileType = wrapper.framework; name = AdSupport.framework; path = System/Library/Frameworks/AdSupport.framework; sourceTree = SDKROOT; };
		4C4AA9FC167E4FC300A546CF /* Accounts.framework */ = {isa = PBXFileReference; lastKnownFileType = wrapper.framework; name = Accounts.framework; path = System/Library/Frameworks/Accounts.framework; sourceTree = SDKROOT; };
		4C4AA9FE167E4FC700A546CF /* Social.framework */ = {isa = PBXFileReference; lastKnownFileType = wrapper.framework; name = Social.framework; path = System/Library/Frameworks/Social.framework; sourceTree = SDKROOT; };
		4C524F5A167D60D80080E15C /* PennMeetEditProfileViewController.h */ = {isa = PBXFileReference; fileEncoding = 4; lastKnownFileType = sourcecode.c.h; path = PennMeetEditProfileViewController.h; sourceTree = "<group>"; };
		4C524F5B167D60D80080E15C /* PennMeetEditProfileViewController.m */ = {isa = PBXFileReference; fileEncoding = 4; lastKnownFileType = sourcecode.c.objc; path = PennMeetEditProfileViewController.m; sourceTree = "<group>"; };
		4C7E7160167A45E0007C1B87 /* PennMeet.app */ = {isa = PBXFileReference; explicitFileType = wrapper.application; includeInIndex = 0; path = PennMeet.app; sourceTree = BUILT_PRODUCTS_DIR; };
		4C7E7164167A45E0007C1B87 /* UIKit.framework */ = {isa = PBXFileReference; lastKnownFileType = wrapper.framework; name = UIKit.framework; path = System/Library/Frameworks/UIKit.framework; sourceTree = SDKROOT; };
		4C7E7166167A45E0007C1B87 /* Foundation.framework */ = {isa = PBXFileReference; lastKnownFileType = wrapper.framework; name = Foundation.framework; path = System/Library/Frameworks/Foundation.framework; sourceTree = SDKROOT; };
		4C7E7168167A45E0007C1B87 /* CoreGraphics.framework */ = {isa = PBXFileReference; lastKnownFileType = wrapper.framework; name = CoreGraphics.framework; path = System/Library/Frameworks/CoreGraphics.framework; sourceTree = SDKROOT; };
		4C7E716C167A45E0007C1B87 /* PennMeet-Info.plist */ = {isa = PBXFileReference; lastKnownFileType = text.plist.xml; path = "PennMeet-Info.plist"; sourceTree = "<group>"; };
		4C7E716E167A45E0007C1B87 /* en */ = {isa = PBXFileReference; lastKnownFileType = text.plist.strings; name = en; path = en.lproj/InfoPlist.strings; sourceTree = "<group>"; };
		4C7E7170167A45E0007C1B87 /* main.m */ = {isa = PBXFileReference; lastKnownFileType = sourcecode.c.objc; path = main.m; sourceTree = "<group>"; };
		4C7E7172167A45E0007C1B87 /* PennMeet-Prefix.pch */ = {isa = PBXFileReference; lastKnownFileType = sourcecode.c.h; path = "PennMeet-Prefix.pch"; sourceTree = "<group>"; };
		4C7E7173167A45E0007C1B87 /* PennMeetAppDelegate.h */ = {isa = PBXFileReference; lastKnownFileType = sourcecode.c.h; path = PennMeetAppDelegate.h; sourceTree = "<group>"; };
		4C7E7174167A45E0007C1B87 /* PennMeetAppDelegate.m */ = {isa = PBXFileReference; lastKnownFileType = sourcecode.c.objc; path = PennMeetAppDelegate.m; sourceTree = "<group>"; };
		4C7E7176167A45E0007C1B87 /* Default.png */ = {isa = PBXFileReference; lastKnownFileType = image.png; path = Default.png; sourceTree = "<group>"; };
		4C7E7178167A45E0007C1B87 /* Default@2x.png */ = {isa = PBXFileReference; lastKnownFileType = image.png; path = "Default@2x.png"; sourceTree = "<group>"; };
		4C7E717A167A45E0007C1B87 /* Default-568h@2x.png */ = {isa = PBXFileReference; lastKnownFileType = image.png; path = "Default-568h@2x.png"; sourceTree = "<group>"; };
		4C7E717D167A45E0007C1B87 /* en */ = {isa = PBXFileReference; lastKnownFileType = file.storyboard; name = en; path = en.lproj/MainStoryboard.storyboard; sourceTree = "<group>"; };
		4C7E717F167A45E0007C1B87 /* PennMeetFirstViewController.h */ = {isa = PBXFileReference; lastKnownFileType = sourcecode.c.h; path = PennMeetFirstViewController.h; sourceTree = "<group>"; };
		4C7E7180167A45E0007C1B87 /* PennMeetFirstViewController.m */ = {isa = PBXFileReference; lastKnownFileType = sourcecode.c.objc; path = PennMeetFirstViewController.m; sourceTree = "<group>"; };
		4C7E7182167A45E0007C1B87 /* first.png */ = {isa = PBXFileReference; lastKnownFileType = image.png; path = first.png; sourceTree = "<group>"; };
		4C7E7184167A45E0007C1B87 /* first@2x.png */ = {isa = PBXFileReference; lastKnownFileType = image.png; path = "first@2x.png"; sourceTree = "<group>"; };
		4C7E7186167A45E0007C1B87 /* PennMeetSecondViewController.h */ = {isa = PBXFileReference; lastKnownFileType = sourcecode.c.h; path = PennMeetSecondViewController.h; sourceTree = "<group>"; };
		4C7E7187167A45E0007C1B87 /* PennMeetSecondViewController.m */ = {isa = PBXFileReference; lastKnownFileType = sourcecode.c.objc; path = PennMeetSecondViewController.m; sourceTree = "<group>"; };
		4C7E7189167A45E0007C1B87 /* second.png */ = {isa = PBXFileReference; lastKnownFileType = image.png; path = second.png; sourceTree = "<group>"; };
		4C7E718B167A45E0007C1B87 /* second@2x.png */ = {isa = PBXFileReference; lastKnownFileType = image.png; path = "second@2x.png"; sourceTree = "<group>"; };
		4C7E7192167A45FC007C1B87 /* fb_circ.png */ = {isa = PBXFileReference; lastKnownFileType = image.png; path = fb_circ.png; sourceTree = "<group>"; };
		4C7E7193167A45FC007C1B87 /* foggy_birds_@2X.png */ = {isa = PBXFileReference; lastKnownFileType = image.png; path = "foggy_birds_@2X.png"; sourceTree = "<group>"; };
		4C7E7194167A45FC007C1B87 /* foggy_birds.png */ = {isa = PBXFileReference; lastKnownFileType = image.png; path = foggy_birds.png; sourceTree = "<group>"; };
		4C7E7195167A45FC007C1B87 /* groups1.png */ = {isa = PBXFileReference; lastKnownFileType = image.png; path = groups1.png; sourceTree = "<group>"; };
		4C7E7196167A45FC007C1B87 /* pennmeet-icon.png */ = {isa = PBXFileReference; lastKnownFileType = image.png; path = "pennmeet-icon.png"; sourceTree = "<group>"; };
		4C7E7198167A45FC007C1B87 /* twitter_circ.png */ = {isa = PBXFileReference; lastKnownFileType = image.png; path = twitter_circ.png; sourceTree = "<group>"; };
		4CA49DA8167A9416005B8D44 /* plus_black.png */ = {isa = PBXFileReference; lastKnownFileType = image.png; path = plus_black.png; sourceTree = "<group>"; };
		4CA49DA9167A9416005B8D44 /* plus_white.png */ = {isa = PBXFileReference; lastKnownFileType = image.png; path = plus_white.png; sourceTree = "<group>"; };
		4CA49DAD167A9499005B8D44 /* PennMeetThirdViewController.h */ = {isa = PBXFileReference; fileEncoding = 4; lastKnownFileType = sourcecode.c.h; path = PennMeetThirdViewController.h; sourceTree = "<group>"; };
		4CA49DAE167A9499005B8D44 /* PennMeetThirdViewController.m */ = {isa = PBXFileReference; fileEncoding = 4; lastKnownFileType = sourcecode.c.objc; path = PennMeetThirdViewController.m; sourceTree = "<group>"; };
		4CBAD6A216864B7200142B33 /* FacebookSDK.h */ = {isa = PBXFileReference; fileEncoding = 4; lastKnownFileType = sourcecode.c.h; path = FacebookSDK.h; sourceTree = "<group>"; };
		4CBAD6A316864B7200142B33 /* FBCacheDescriptor.h */ = {isa = PBXFileReference; fileEncoding = 4; lastKnownFileType = sourcecode.c.h; path = FBCacheDescriptor.h; sourceTree = "<group>"; };
		4CBAD6A416864B7200142B33 /* FBError.h */ = {isa = PBXFileReference; fileEncoding = 4; lastKnownFileType = sourcecode.c.h; path = FBError.h; sourceTree = "<group>"; };
		4CBAD6A516864B7200142B33 /* FBFriendPickerViewController.h */ = {isa = PBXFileReference; fileEncoding = 4; lastKnownFileType = sourcecode.c.h; path = FBFriendPickerViewController.h; sourceTree = "<group>"; };
		4CBAD6A616864B7200142B33 /* FBGraphLocation.h */ = {isa = PBXFileReference; fileEncoding = 4; lastKnownFileType = sourcecode.c.h; path = FBGraphLocation.h; sourceTree = "<group>"; };
		4CBAD6A716864B7200142B33 /* FBGraphObject.h */ = {isa = PBXFileReference; fileEncoding = 4; lastKnownFileType = sourcecode.c.h; path = FBGraphObject.h; sourceTree = "<group>"; };
		4CBAD6A816864B7200142B33 /* FBGraphPlace.h */ = {isa = PBXFileReference; fileEncoding = 4; lastKnownFileType = sourcecode.c.h; path = FBGraphPlace.h; sourceTree = "<group>"; };
		4CBAD6A916864B7200142B33 /* FBGraphUser.h */ = {isa = PBXFileReference; fileEncoding = 4; lastKnownFileType = sourcecode.c.h; path = FBGraphUser.h; sourceTree = "<group>"; };
		4CBAD6AA16864B7200142B33 /* FBLoginView.h */ = {isa = PBXFileReference; fileEncoding = 4; lastKnownFileType = sourcecode.c.h; path = FBLoginView.h; sourceTree = "<group>"; };
		4CBAD6AB16864B7200142B33 /* FBNativeDialogs.h */ = {isa = PBXFileReference; fileEncoding = 4; lastKnownFileType = sourcecode.c.h; path = FBNativeDialogs.h; sourceTree = "<group>"; };
		4CBAD6AC16864B7200142B33 /* FBOpenGraphAction.h */ = {isa = PBXFileReference; fileEncoding = 4; lastKnownFileType = sourcecode.c.h; path = FBOpenGraphAction.h; sourceTree = "<group>"; };
		4CBAD6AD16864B7200142B33 /* FBPlacePickerViewController.h */ = {isa = PBXFileReference; fileEncoding = 4; lastKnownFileType = sourcecode.c.h; path = FBPlacePickerViewController.h; sourceTree = "<group>"; };
		4CBAD6AE16864B7200142B33 /* FBProfilePictureView.h */ = {isa = PBXFileReference; fileEncoding = 4; lastKnownFileType = sourcecode.c.h; path = FBProfilePictureView.h; sourceTree = "<group>"; };
		4CBAD6AF16864B7200142B33 /* FBRequest.h */ = {isa = PBXFileReference; fileEncoding = 4; lastKnownFileType = sourcecode.c.h; path = FBRequest.h; sourceTree = "<group>"; };
		4CBAD6B016864B7200142B33 /* FBRequestConnection.h */ = {isa = PBXFileReference; fileEncoding = 4; lastKnownFileType = sourcecode.c.h; path = FBRequestConnection.h; sourceTree = "<group>"; };
		4CBAD6B116864B7200142B33 /* FBSession.h */ = {isa = PBXFileReference; fileEncoding = 4; lastKnownFileType = sourcecode.c.h; path = FBSession.h; sourceTree = "<group>"; };
		4CBAD6B216864B7200142B33 /* FBSessionTokenCachingStrategy.h */ = {isa = PBXFileReference; fileEncoding = 4; lastKnownFileType = sourcecode.c.h; path = FBSessionTokenCachingStrategy.h; sourceTree = "<group>"; };
		4CBAD6B316864B7200142B33 /* FBSettings.h */ = {isa = PBXFileReference; fileEncoding = 4; lastKnownFileType = sourcecode.c.h; path = FBSettings.h; sourceTree = "<group>"; };
		4CBAD6B416864B7200142B33 /* FBTestSession.h */ = {isa = PBXFileReference; fileEncoding = 4; lastKnownFileType = sourcecode.c.h; path = FBTestSession.h; sourceTree = "<group>"; };
		4CBAD6B516864B7200142B33 /* FBUserSettingsViewController.h */ = {isa = PBXFileReference; fileEncoding = 4; lastKnownFileType = sourcecode.c.h; path = FBUserSettingsViewController.h; sourceTree = "<group>"; };
		4CBAD6B616864B7200142B33 /* FBViewController.h */ = {isa = PBXFileReference; fileEncoding = 4; lastKnownFileType = sourcecode.c.h; path = FBViewController.h; sourceTree = "<group>"; };
		4CBAD6BB16864B7D00142B33 /* Facebook.h */ = {isa = PBXFileReference; fileEncoding = 4; lastKnownFileType = sourcecode.c.h; path = Facebook.h; sourceTree = "<group>"; };
		4CBAD6BC16864B7D00142B33 /* FacebookSDK.h */ = {isa = PBXFileReference; fileEncoding = 4; lastKnownFileType = sourcecode.c.h; path = FacebookSDK.h; sourceTree = "<group>"; };
		4CBAD6BD16864B7D00142B33 /* FBCacheDescriptor.h */ = {isa = PBXFileReference; fileEncoding = 4; lastKnownFileType = sourcecode.c.h; path = FBCacheDescriptor.h; sourceTree = "<group>"; };
		4CBAD6BE16864B7D00142B33 /* FBConnect.h */ = {isa = PBXFileReference; fileEncoding = 4; lastKnownFileType = sourcecode.c.h; path = FBConnect.h; sourceTree = "<group>"; };
		4CBAD6BF16864B7D00142B33 /* FBDialog.h */ = {isa = PBXFileReference; fileEncoding = 4; lastKnownFileType = sourcecode.c.h; path = FBDialog.h; sourceTree = "<group>"; };
		4CBAD6C016864B7D00142B33 /* FBError.h */ = {isa = PBXFileReference; fileEncoding = 4; lastKnownFileType = sourcecode.c.h; path = FBError.h; sourceTree = "<group>"; };
		4CBAD6C116864B7D00142B33 /* FBFrictionlessRequestSettings.h */ = {isa = PBXFileReference; fileEncoding = 4; lastKnownFileType = sourcecode.c.h; path = FBFrictionlessRequestSettings.h; sourceTree = "<group>"; };
		4CBAD6C216864B7D00142B33 /* FBFriendPickerViewController.h */ = {isa = PBXFileReference; fileEncoding = 4; lastKnownFileType = sourcecode.c.h; path = FBFriendPickerViewController.h; sourceTree = "<group>"; };
		4CBAD6C316864B7D00142B33 /* FBGraphLocation.h */ = {isa = PBXFileReference; fileEncoding = 4; lastKnownFileType = sourcecode.c.h; path = FBGraphLocation.h; sourceTree = "<group>"; };
		4CBAD6C416864B7D00142B33 /* FBGraphObject.h */ = {isa = PBXFileReference; fileEncoding = 4; lastKnownFileType = sourcecode.c.h; path = FBGraphObject.h; sourceTree = "<group>"; };
		4CBAD6C516864B7D00142B33 /* FBGraphPlace.h */ = {isa = PBXFileReference; fileEncoding = 4; lastKnownFileType = sourcecode.c.h; path = FBGraphPlace.h; sourceTree = "<group>"; };
		4CBAD6C616864B7D00142B33 /* FBGraphUser.h */ = {isa = PBXFileReference; fileEncoding = 4; lastKnownFileType = sourcecode.c.h; path = FBGraphUser.h; sourceTree = "<group>"; };
		4CBAD6C716864B7D00142B33 /* FBLoginDialog.h */ = {isa = PBXFileReference; fileEncoding = 4; lastKnownFileType = sourcecode.c.h; path = FBLoginDialog.h; sourceTree = "<group>"; };
		4CBAD6C816864B7D00142B33 /* FBLoginView.h */ = {isa = PBXFileReference; fileEncoding = 4; lastKnownFileType = sourcecode.c.h; path = FBLoginView.h; sourceTree = "<group>"; };
		4CBAD6C916864B7D00142B33 /* FBNativeDialogs.h */ = {isa = PBXFileReference; fileEncoding = 4; lastKnownFileType = sourcecode.c.h; path = FBNativeDialogs.h; sourceTree = "<group>"; };
		4CBAD6CA16864B7D00142B33 /* FBOpenGraphAction.h */ = {isa = PBXFileReference; fileEncoding = 4; lastKnownFileType = sourcecode.c.h; path = FBOpenGraphAction.h; sourceTree = "<group>"; };
		4CBAD6CB16864B7D00142B33 /* FBPlacePickerViewController.h */ = {isa = PBXFileReference; fileEncoding = 4; lastKnownFileType = sourcecode.c.h; path = FBPlacePickerViewController.h; sourceTree = "<group>"; };
		4CBAD6CC16864B7D00142B33 /* FBProfilePictureView.h */ = {isa = PBXFileReference; fileEncoding = 4; lastKnownFileType = sourcecode.c.h; path = FBProfilePictureView.h; sourceTree = "<group>"; };
		4CBAD6CD16864B7D00142B33 /* FBRequest.h */ = {isa = PBXFileReference; fileEncoding = 4; lastKnownFileType = sourcecode.c.h; path = FBRequest.h; sourceTree = "<group>"; };
		4CBAD6CE16864B7D00142B33 /* FBRequestConnection.h */ = {isa = PBXFileReference; fileEncoding = 4; lastKnownFileType = sourcecode.c.h; path = FBRequestConnection.h; sourceTree = "<group>"; };
		4CBAD6CF16864B7D00142B33 /* FBSBJSON.h */ = {isa = PBXFileReference; fileEncoding = 4; lastKnownFileType = sourcecode.c.h; path = FBSBJSON.h; sourceTree = "<group>"; };
		4CBAD6D016864B7D00142B33 /* FBSBJsonBase.h */ = {isa = PBXFileReference; fileEncoding = 4; lastKnownFileType = sourcecode.c.h; path = FBSBJsonBase.h; sourceTree = "<group>"; };
		4CBAD6D116864B7D00142B33 /* FBSBJsonParser.h */ = {isa = PBXFileReference; fileEncoding = 4; lastKnownFileType = sourcecode.c.h; path = FBSBJsonParser.h; sourceTree = "<group>"; };
		4CBAD6D216864B7D00142B33 /* FBSBJsonWriter.h */ = {isa = PBXFileReference; fileEncoding = 4; lastKnownFileType = sourcecode.c.h; path = FBSBJsonWriter.h; sourceTree = "<group>"; };
		4CBAD6D316864B7D00142B33 /* FBSession.h */ = {isa = PBXFileReference; fileEncoding = 4; lastKnownFileType = sourcecode.c.h; path = FBSession.h; sourceTree = "<group>"; };
		4CBAD6D416864B7D00142B33 /* FBSessionManualTokenCachingStrategy.h */ = {isa = PBXFileReference; fileEncoding = 4; lastKnownFileType = sourcecode.c.h; path = FBSessionManualTokenCachingStrategy.h; sourceTree = "<group>"; };
		4CBAD6D516864B7D00142B33 /* FBSessionTokenCachingStrategy.h */ = {isa = PBXFileReference; fileEncoding = 4; lastKnownFileType = sourcecode.c.h; path = FBSessionTokenCachingStrategy.h; sourceTree = "<group>"; };
		4CBAD6D616864B7D00142B33 /* FBSettings.h */ = {isa = PBXFileReference; fileEncoding = 4; lastKnownFileType = sourcecode.c.h; path = FBSettings.h; sourceTree = "<group>"; };
		4CBAD6D716864B7D00142B33 /* FBTestSession.h */ = {isa = PBXFileReference; fileEncoding = 4; lastKnownFileType = sourcecode.c.h; path = FBTestSession.h; sourceTree = "<group>"; };
		4CBAD6D816864B7D00142B33 /* FBUserSettingsViewController.h */ = {isa = PBXFileReference; fileEncoding = 4; lastKnownFileType = sourcecode.c.h; path = FBUserSettingsViewController.h; sourceTree = "<group>"; };
		4CBAD6D916864B7D00142B33 /* FBViewController.h */ = {isa = PBXFileReference; fileEncoding = 4; lastKnownFileType = sourcecode.c.h; path = FBViewController.h; sourceTree = "<group>"; };
		4CBAD6DA16864B7D00142B33 /* FacebookSDK */ = {isa = PBXFileReference; lastKnownFileType = archive.ar; path = FacebookSDK; sourceTree = "<group>"; };
		4CBAD6DC16864B7D00142B33 /* FacebookSDK.h */ = {isa = PBXFileReference; fileEncoding = 4; lastKnownFileType = sourcecode.c.h; path = FacebookSDK.h; sourceTree = "<group>"; };
		4CBAD6DD16864B7D00142B33 /* FBCacheDescriptor.h */ = {isa = PBXFileReference; fileEncoding = 4; lastKnownFileType = sourcecode.c.h; path = FBCacheDescriptor.h; sourceTree = "<group>"; };
		4CBAD6DE16864B7D00142B33 /* FBError.h */ = {isa = PBXFileReference; fileEncoding = 4; lastKnownFileType = sourcecode.c.h; path = FBError.h; sourceTree = "<group>"; };
		4CBAD6DF16864B7D00142B33 /* FBFriendPickerViewController.h */ = {isa = PBXFileReference; fileEncoding = 4; lastKnownFileType = sourcecode.c.h; path = FBFriendPickerViewController.h; sourceTree = "<group>"; };
		4CBAD6E016864B7D00142B33 /* FBGraphLocation.h */ = {isa = PBXFileReference; fileEncoding = 4; lastKnownFileType = sourcecode.c.h; path = FBGraphLocation.h; sourceTree = "<group>"; };
		4CBAD6E116864B7D00142B33 /* FBGraphObject.h */ = {isa = PBXFileReference; fileEncoding = 4; lastKnownFileType = sourcecode.c.h; path = FBGraphObject.h; sourceTree = "<group>"; };
		4CBAD6E216864B7D00142B33 /* FBGraphPlace.h */ = {isa = PBXFileReference; fileEncoding = 4; lastKnownFileType = sourcecode.c.h; path = FBGraphPlace.h; sourceTree = "<group>"; };
		4CBAD6E316864B7D00142B33 /* FBGraphUser.h */ = {isa = PBXFileReference; fileEncoding = 4; lastKnownFileType = sourcecode.c.h; path = FBGraphUser.h; sourceTree = "<group>"; };
		4CBAD6E416864B7D00142B33 /* FBLoginView.h */ = {isa = PBXFileReference; fileEncoding = 4; lastKnownFileType = sourcecode.c.h; path = FBLoginView.h; sourceTree = "<group>"; };
		4CBAD6E516864B7D00142B33 /* FBNativeDialogs.h */ = {isa = PBXFileReference; fileEncoding = 4; lastKnownFileType = sourcecode.c.h; path = FBNativeDialogs.h; sourceTree = "<group>"; };
		4CBAD6E616864B7D00142B33 /* FBOpenGraphAction.h */ = {isa = PBXFileReference; fileEncoding = 4; lastKnownFileType = sourcecode.c.h; path = FBOpenGraphAction.h; sourceTree = "<group>"; };
		4CBAD6E716864B7D00142B33 /* FBPlacePickerViewController.h */ = {isa = PBXFileReference; fileEncoding = 4; lastKnownFileType = sourcecode.c.h; path = FBPlacePickerViewController.h; sourceTree = "<group>"; };
		4CBAD6E816864B7D00142B33 /* FBProfilePictureView.h */ = {isa = PBXFileReference; fileEncoding = 4; lastKnownFileType = sourcecode.c.h; path = FBProfilePictureView.h; sourceTree = "<group>"; };
		4CBAD6E916864B7D00142B33 /* FBRequest.h */ = {isa = PBXFileReference; fileEncoding = 4; lastKnownFileType = sourcecode.c.h; path = FBRequest.h; sourceTree = "<group>"; };
		4CBAD6EA16864B7D00142B33 /* FBRequestConnection.h */ = {isa = PBXFileReference; fileEncoding = 4; lastKnownFileType = sourcecode.c.h; path = FBRequestConnection.h; sourceTree = "<group>"; };
		4CBAD6EB16864B7D00142B33 /* FBSession.h */ = {isa = PBXFileReference; fileEncoding = 4; lastKnownFileType = sourcecode.c.h; path = FBSession.h; sourceTree = "<group>"; };
		4CBAD6EC16864B7D00142B33 /* FBSessionTokenCachingStrategy.h */ = {isa = PBXFileReference; fileEncoding = 4; lastKnownFileType = sourcecode.c.h; path = FBSessionTokenCachingStrategy.h; sourceTree = "<group>"; };
		4CBAD6ED16864B7D00142B33 /* FBSettings.h */ = {isa = PBXFileReference; fileEncoding = 4; lastKnownFileType = sourcecode.c.h; path = FBSettings.h; sourceTree = "<group>"; };
		4CBAD6EE16864B7D00142B33 /* FBTestSession.h */ = {isa = PBXFileReference; fileEncoding = 4; lastKnownFileType = sourcecode.c.h; path = FBTestSession.h; sourceTree = "<group>"; };
		4CBAD6EF16864B7D00142B33 /* FBUserSettingsViewController.h */ = {isa = PBXFileReference; fileEncoding = 4; lastKnownFileType = sourcecode.c.h; path = FBUserSettingsViewController.h; sourceTree = "<group>"; };
		4CBAD6F016864B7D00142B33 /* FBViewController.h */ = {isa = PBXFileReference; fileEncoding = 4; lastKnownFileType = sourcecode.c.h; path = FBViewController.h; sourceTree = "<group>"; };
		4CBAD6F216864B7D00142B33 /* FacebookSDKResources.bundle */ = {isa = PBXFileReference; lastKnownFileType = "wrapper.plug-in"; path = FacebookSDKResources.bundle; sourceTree = "<group>"; };
		4CBAD6F316864B7D00142B33 /* FBUserSettingsViewResources.bundle */ = {isa = PBXFileReference; lastKnownFileType = "wrapper.plug-in"; path = FBUserSettingsViewResources.bundle; sourceTree = "<group>"; };
		4CBAD6F416864B7D00142B33 /* Info.plist */ = {isa = PBXFileReference; fileEncoding = 4; lastKnownFileType = text.plist.xml; path = Info.plist; sourceTree = "<group>"; };
		4CBAD6F716864B7D00142B33 /* Facebook.h */ = {isa = PBXFileReference; fileEncoding = 4; lastKnownFileType = sourcecode.c.h; path = Facebook.h; sourceTree = "<group>"; };
		4CBAD6F816864B7D00142B33 /* FacebookSDK.h */ = {isa = PBXFileReference; fileEncoding = 4; lastKnownFileType = sourcecode.c.h; path = FacebookSDK.h; sourceTree = "<group>"; };
		4CBAD6F916864B7D00142B33 /* FBCacheDescriptor.h */ = {isa = PBXFileReference; fileEncoding = 4; lastKnownFileType = sourcecode.c.h; path = FBCacheDescriptor.h; sourceTree = "<group>"; };
		4CBAD6FA16864B7D00142B33 /* FBConnect.h */ = {isa = PBXFileReference; fileEncoding = 4; lastKnownFileType = sourcecode.c.h; path = FBConnect.h; sourceTree = "<group>"; };
		4CBAD6FB16864B7D00142B33 /* FBDialog.h */ = {isa = PBXFileReference; fileEncoding = 4; lastKnownFileType = sourcecode.c.h; path = FBDialog.h; sourceTree = "<group>"; };
		4CBAD6FC16864B7D00142B33 /* FBError.h */ = {isa = PBXFileReference; fileEncoding = 4; lastKnownFileType = sourcecode.c.h; path = FBError.h; sourceTree = "<group>"; };
		4CBAD6FD16864B7D00142B33 /* FBFrictionlessRequestSettings.h */ = {isa = PBXFileReference; fileEncoding = 4; lastKnownFileType = sourcecode.c.h; path = FBFrictionlessRequestSettings.h; sourceTree = "<group>"; };
		4CBAD6FE16864B7D00142B33 /* FBFriendPickerViewController.h */ = {isa = PBXFileReference; fileEncoding = 4; lastKnownFileType = sourcecode.c.h; path = FBFriendPickerViewController.h; sourceTree = "<group>"; };
		4CBAD6FF16864B7D00142B33 /* FBGraphLocation.h */ = {isa = PBXFileReference; fileEncoding = 4; lastKnownFileType = sourcecode.c.h; path = FBGraphLocation.h; sourceTree = "<group>"; };
		4CBAD70016864B7D00142B33 /* FBGraphObject.h */ = {isa = PBXFileReference; fileEncoding = 4; lastKnownFileType = sourcecode.c.h; path = FBGraphObject.h; sourceTree = "<group>"; };
		4CBAD70116864B7D00142B33 /* FBGraphPlace.h */ = {isa = PBXFileReference; fileEncoding = 4; lastKnownFileType = sourcecode.c.h; path = FBGraphPlace.h; sourceTree = "<group>"; };
		4CBAD70216864B7D00142B33 /* FBGraphUser.h */ = {isa = PBXFileReference; fileEncoding = 4; lastKnownFileType = sourcecode.c.h; path = FBGraphUser.h; sourceTree = "<group>"; };
		4CBAD70316864B7D00142B33 /* FBLoginDialog.h */ = {isa = PBXFileReference; fileEncoding = 4; lastKnownFileType = sourcecode.c.h; path = FBLoginDialog.h; sourceTree = "<group>"; };
		4CBAD70416864B7D00142B33 /* FBLoginView.h */ = {isa = PBXFileReference; fileEncoding = 4; lastKnownFileType = sourcecode.c.h; path = FBLoginView.h; sourceTree = "<group>"; };
		4CBAD70516864B7D00142B33 /* FBNativeDialogs.h */ = {isa = PBXFileReference; fileEncoding = 4; lastKnownFileType = sourcecode.c.h; path = FBNativeDialogs.h; sourceTree = "<group>"; };
		4CBAD70616864B7D00142B33 /* FBOpenGraphAction.h */ = {isa = PBXFileReference; fileEncoding = 4; lastKnownFileType = sourcecode.c.h; path = FBOpenGraphAction.h; sourceTree = "<group>"; };
		4CBAD70716864B7D00142B33 /* FBPlacePickerViewController.h */ = {isa = PBXFileReference; fileEncoding = 4; lastKnownFileType = sourcecode.c.h; path = FBPlacePickerViewController.h; sourceTree = "<group>"; };
		4CBAD70816864B7D00142B33 /* FBProfilePictureView.h */ = {isa = PBXFileReference; fileEncoding = 4; lastKnownFileType = sourcecode.c.h; path = FBProfilePictureView.h; sourceTree = "<group>"; };
		4CBAD70916864B7D00142B33 /* FBRequest.h */ = {isa = PBXFileReference; fileEncoding = 4; lastKnownFileType = sourcecode.c.h; path = FBRequest.h; sourceTree = "<group>"; };
		4CBAD70A16864B7D00142B33 /* FBRequestConnection.h */ = {isa = PBXFileReference; fileEncoding = 4; lastKnownFileType = sourcecode.c.h; path = FBRequestConnection.h; sourceTree = "<group>"; };
		4CBAD70B16864B7D00142B33 /* FBSBJSON.h */ = {isa = PBXFileReference; fileEncoding = 4; lastKnownFileType = sourcecode.c.h; path = FBSBJSON.h; sourceTree = "<group>"; };
		4CBAD70C16864B7D00142B33 /* FBSBJsonBase.h */ = {isa = PBXFileReference; fileEncoding = 4; lastKnownFileType = sourcecode.c.h; path = FBSBJsonBase.h; sourceTree = "<group>"; };
		4CBAD70D16864B7D00142B33 /* FBSBJsonParser.h */ = {isa = PBXFileReference; fileEncoding = 4; lastKnownFileType = sourcecode.c.h; path = FBSBJsonParser.h; sourceTree = "<group>"; };
		4CBAD70E16864B7D00142B33 /* FBSBJsonWriter.h */ = {isa = PBXFileReference; fileEncoding = 4; lastKnownFileType = sourcecode.c.h; path = FBSBJsonWriter.h; sourceTree = "<group>"; };
		4CBAD70F16864B7D00142B33 /* FBSession.h */ = {isa = PBXFileReference; fileEncoding = 4; lastKnownFileType = sourcecode.c.h; path = FBSession.h; sourceTree = "<group>"; };
		4CBAD71016864B7D00142B33 /* FBSessionManualTokenCachingStrategy.h */ = {isa = PBXFileReference; fileEncoding = 4; lastKnownFileType = sourcecode.c.h; path = FBSessionManualTokenCachingStrategy.h; sourceTree = "<group>"; };
		4CBAD71116864B7D00142B33 /* FBSessionTokenCachingStrategy.h */ = {isa = PBXFileReference; fileEncoding = 4; lastKnownFileType = sourcecode.c.h; path = FBSessionTokenCachingStrategy.h; sourceTree = "<group>"; };
		4CBAD71216864B7D00142B33 /* FBSettings.h */ = {isa = PBXFileReference; fileEncoding = 4; lastKnownFileType = sourcecode.c.h; path = FBSettings.h; sourceTree = "<group>"; };
		4CBAD71316864B7D00142B33 /* FBTestSession.h */ = {isa = PBXFileReference; fileEncoding = 4; lastKnownFileType = sourcecode.c.h; path = FBTestSession.h; sourceTree = "<group>"; };
		4CBAD71416864B7D00142B33 /* FBUserSettingsViewController.h */ = {isa = PBXFileReference; fileEncoding = 4; lastKnownFileType = sourcecode.c.h; path = FBUserSettingsViewController.h; sourceTree = "<group>"; };
		4CBAD71516864B7D00142B33 /* FBViewController.h */ = {isa = PBXFileReference; fileEncoding = 4; lastKnownFileType = sourcecode.c.h; path = FBViewController.h; sourceTree = "<group>"; };
		4CBAD71616864B7D00142B33 /* FacebookSDK */ = {isa = PBXFileReference; lastKnownFileType = archive.ar; path = FacebookSDK; sourceTree = "<group>"; };
		4CBAD71816864B7D00142B33 /* FacebookSDK.h */ = {isa = PBXFileReference; fileEncoding = 4; lastKnownFileType = sourcecode.c.h; path = FacebookSDK.h; sourceTree = "<group>"; };
		4CBAD71916864B7D00142B33 /* FBCacheDescriptor.h */ = {isa = PBXFileReference; fileEncoding = 4; lastKnownFileType = sourcecode.c.h; path = FBCacheDescriptor.h; sourceTree = "<group>"; };
		4CBAD71A16864B7D00142B33 /* FBError.h */ = {isa = PBXFileReference; fileEncoding = 4; lastKnownFileType = sourcecode.c.h; path = FBError.h; sourceTree = "<group>"; };
		4CBAD71B16864B7D00142B33 /* FBFriendPickerViewController.h */ = {isa = PBXFileReference; fileEncoding = 4; lastKnownFileType = sourcecode.c.h; path = FBFriendPickerViewController.h; sourceTree = "<group>"; };
		4CBAD71C16864B7D00142B33 /* FBGraphLocation.h */ = {isa = PBXFileReference; fileEncoding = 4; lastKnownFileType = sourcecode.c.h; path = FBGraphLocation.h; sourceTree = "<group>"; };
		4CBAD71D16864B7D00142B33 /* FBGraphObject.h */ = {isa = PBXFileReference; fileEncoding = 4; lastKnownFileType = sourcecode.c.h; path = FBGraphObject.h; sourceTree = "<group>"; };
		4CBAD71E16864B7D00142B33 /* FBGraphPlace.h */ = {isa = PBXFileReference; fileEncoding = 4; lastKnownFileType = sourcecode.c.h; path = FBGraphPlace.h; sourceTree = "<group>"; };
		4CBAD71F16864B7D00142B33 /* FBGraphUser.h */ = {isa = PBXFileReference; fileEncoding = 4; lastKnownFileType = sourcecode.c.h; path = FBGraphUser.h; sourceTree = "<group>"; };
		4CBAD72016864B7D00142B33 /* FBLoginView.h */ = {isa = PBXFileReference; fileEncoding = 4; lastKnownFileType = sourcecode.c.h; path = FBLoginView.h; sourceTree = "<group>"; };
		4CBAD72116864B7D00142B33 /* FBNativeDialogs.h */ = {isa = PBXFileReference; fileEncoding = 4; lastKnownFileType = sourcecode.c.h; path = FBNativeDialogs.h; sourceTree = "<group>"; };
		4CBAD72216864B7D00142B33 /* FBOpenGraphAction.h */ = {isa = PBXFileReference; fileEncoding = 4; lastKnownFileType = sourcecode.c.h; path = FBOpenGraphAction.h; sourceTree = "<group>"; };
		4CBAD72316864B7D00142B33 /* FBPlacePickerViewController.h */ = {isa = PBXFileReference; fileEncoding = 4; lastKnownFileType = sourcecode.c.h; path = FBPlacePickerViewController.h; sourceTree = "<group>"; };
		4CBAD72416864B7D00142B33 /* FBProfilePictureView.h */ = {isa = PBXFileReference; fileEncoding = 4; lastKnownFileType = sourcecode.c.h; path = FBProfilePictureView.h; sourceTree = "<group>"; };
		4CBAD72516864B7D00142B33 /* FBRequest.h */ = {isa = PBXFileReference; fileEncoding = 4; lastKnownFileType = sourcecode.c.h; path = FBRequest.h; sourceTree = "<group>"; };
		4CBAD72616864B7D00142B33 /* FBRequestConnection.h */ = {isa = PBXFileReference; fileEncoding = 4; lastKnownFileType = sourcecode.c.h; path = FBRequestConnection.h; sourceTree = "<group>"; };
		4CBAD72716864B7D00142B33 /* FBSession.h */ = {isa = PBXFileReference; fileEncoding = 4; lastKnownFileType = sourcecode.c.h; path = FBSession.h; sourceTree = "<group>"; };
		4CBAD72816864B7D00142B33 /* FBSessionTokenCachingStrategy.h */ = {isa = PBXFileReference; fileEncoding = 4; lastKnownFileType = sourcecode.c.h; path = FBSessionTokenCachingStrategy.h; sourceTree = "<group>"; };
		4CBAD72916864B7D00142B33 /* FBSettings.h */ = {isa = PBXFileReference; fileEncoding = 4; lastKnownFileType = sourcecode.c.h; path = FBSettings.h; sourceTree = "<group>"; };
		4CBAD72A16864B7D00142B33 /* FBTestSession.h */ = {isa = PBXFileReference; fileEncoding = 4; lastKnownFileType = sourcecode.c.h; path = FBTestSession.h; sourceTree = "<group>"; };
		4CBAD72B16864B7D00142B33 /* FBUserSettingsViewController.h */ = {isa = PBXFileReference; fileEncoding = 4; lastKnownFileType = sourcecode.c.h; path = FBUserSettingsViewController.h; sourceTree = "<group>"; };
		4CBAD72C16864B7D00142B33 /* FBViewController.h */ = {isa = PBXFileReference; fileEncoding = 4; lastKnownFileType = sourcecode.c.h; path = FBViewController.h; sourceTree = "<group>"; };
		4CBAD72E16864B7D00142B33 /* FacebookSDKResources.bundle */ = {isa = PBXFileReference; lastKnownFileType = "wrapper.plug-in"; path = FacebookSDKResources.bundle; sourceTree = "<group>"; };
		4CBAD72F16864B7D00142B33 /* FBUserSettingsViewResources.bundle */ = {isa = PBXFileReference; lastKnownFileType = "wrapper.plug-in"; path = FBUserSettingsViewResources.bundle; sourceTree = "<group>"; };
		4CBAD73016864B7D00142B33 /* Info.plist */ = {isa = PBXFileReference; fileEncoding = 4; lastKnownFileType = text.plist.xml; path = Info.plist; sourceTree = "<group>"; };
		4CBAD73916864B8E00142B33 /* FacebookSDK */ = {isa = PBXFileReference; lastKnownFileType = archive.ar; name = FacebookSDK; path = ../../../FacebookSDK/FacebookSDK.framework/Versions/A/FacebookSDK; sourceTree = "<group>"; };
		4CBAD73C16864B9700142B33 /* FacebookSDKResources.bundle */ = {isa = PBXFileReference; lastKnownFileType = "wrapper.plug-in"; path = FacebookSDKResources.bundle; sourceTree = "<group>"; };
		4CBAD73D16864B9700142B33 /* FBUserSettingsViewResources.bundle */ = {isa = PBXFileReference; lastKnownFileType = "wrapper.plug-in"; path = FBUserSettingsViewResources.bundle; sourceTree = "<group>"; };
		4CBC47BF167B325100B20DF6 /* 01-refresh.png */ = {isa = PBXFileReference; lastKnownFileType = image.png; path = "01-refresh.png"; sourceTree = "<group>"; };
		4CD0B891167E7A0000661CC6 /* PennMeetSignUpViewController.h */ = {isa = PBXFileReference; fileEncoding = 4; lastKnownFileType = sourcecode.c.h; path = PennMeetSignUpViewController.h; sourceTree = "<group>"; };
		4CD0B892167E7A0000661CC6 /* PennMeetSignUpViewController.m */ = {isa = PBXFileReference; fileEncoding = 4; lastKnownFileType = sourcecode.c.objc; path = PennMeetSignUpViewController.m; sourceTree = "<group>"; };
		4CE1FED8167B279C003ED5A8 /* refresh.png */ = {isa = PBXFileReference; lastKnownFileType = image.png; path = refresh.png; sourceTree = "<group>"; };
		B82AC005167D967E00D85472 /* DataMatrix.h */ = {isa = PBXFileReference; fileEncoding = 4; lastKnownFileType = sourcecode.c.h; path = DataMatrix.h; sourceTree = "<group>"; };
		B82AC006167D967E00D85472 /* DataMatrix.mm */ = {isa = PBXFileReference; fileEncoding = 4; lastKnownFileType = sourcecode.cpp.objcpp; path = DataMatrix.mm; sourceTree = "<group>"; };
		B82AC007167D967E00D85472 /* QR_Encode.cpp */ = {isa = PBXFileReference; fileEncoding = 4; lastKnownFileType = sourcecode.cpp.cpp; path = QR_Encode.cpp; sourceTree = "<group>"; };
		B82AC008167D967E00D85472 /* QR_Encode.h */ = {isa = PBXFileReference; fileEncoding = 4; lastKnownFileType = sourcecode.c.h; path = QR_Encode.h; sourceTree = "<group>"; };
		B82AC009167D967E00D85472 /* QRCodeEncoderDemoViewController.h */ = {isa = PBXFileReference; fileEncoding = 4; lastKnownFileType = sourcecode.c.h; path = QRCodeEncoderDemoViewController.h; sourceTree = "<group>"; };
		B82AC00A167D967E00D85472 /* QRCodeEncoderDemoViewController.mm */ = {isa = PBXFileReference; fileEncoding = 4; lastKnownFileType = sourcecode.cpp.objcpp; path = QRCodeEncoderDemoViewController.mm; sourceTree = "<group>"; };
		B82AC00C167D967E00D85472 /* QREncoder-Prefix.pch */ = {isa = PBXFileReference; fileEncoding = 4; lastKnownFileType = sourcecode.c.h; path = "QREncoder-Prefix.pch"; sourceTree = "<group>"; };
		B82AC00D167D967E00D85472 /* QREncoder.h */ = {isa = PBXFileReference; fileEncoding = 4; lastKnownFileType = sourcecode.c.h; path = QREncoder.h; sourceTree = "<group>"; };
		B82AC00E167D967E00D85472 /* QREncoder.mm */ = {isa = PBXFileReference; fileEncoding = 4; lastKnownFileType = sourcecode.cpp.objcpp; path = QREncoder.mm; sourceTree = "<group>"; };
		B83F1239167E763B0008384B /* AVFoundation.framework */ = {isa = PBXFileReference; lastKnownFileType = wrapper.framework; name = AVFoundation.framework; path = System/Library/Frameworks/AVFoundation.framework; sourceTree = SDKROOT; };
		B83F123A167E763B0008384B /* CoreMedia.framework */ = {isa = PBXFileReference; lastKnownFileType = wrapper.framework; name = CoreMedia.framework; path = System/Library/Frameworks/CoreMedia.framework; sourceTree = SDKROOT; };
		B83F123B167E763B0008384B /* CoreVideo.framework */ = {isa = PBXFileReference; lastKnownFileType = wrapper.framework; name = CoreVideo.framework; path = System/Library/Frameworks/CoreVideo.framework; sourceTree = SDKROOT; };
		B83F123C167E763B0008384B /* libiconv.dylib */ = {isa = PBXFileReference; lastKnownFileType = "compiled.mach-o.dylib"; name = libiconv.dylib; path = usr/lib/libiconv.dylib; sourceTree = SDKROOT; };
		B83F123D167E763B0008384B /* QuartzCore.framework */ = {isa = PBXFileReference; lastKnownFileType = wrapper.framework; name = QuartzCore.framework; path = System/Library/Frameworks/QuartzCore.framework; sourceTree = SDKROOT; };
		B8CE01E7167E6697002DFBF5 /* MobileCoreServices.framework */ = {isa = PBXFileReference; lastKnownFileType = wrapper.framework; name = MobileCoreServices.framework; path = System/Library/Frameworks/MobileCoreServices.framework; sourceTree = SDKROOT; };
		B8CE01ED167E6E9D002DFBF5 /* Decoder.h */ = {isa = PBXFileReference; fileEncoding = 4; lastKnownFileType = sourcecode.c.h; path = Decoder.h; sourceTree = "<group>"; };
		B8CE01EE167E6E9D002DFBF5 /* Exception.h */ = {isa = PBXFileReference; fileEncoding = 4; lastKnownFileType = sourcecode.c.h; path = Exception.h; sourceTree = "<group>"; };
		B8CE01EF167E6E9D002DFBF5 /* Image.h */ = {isa = PBXFileReference; fileEncoding = 4; lastKnownFileType = sourcecode.c.h; path = Image.h; sourceTree = "<group>"; };
		B8CE01F0167E6E9D002DFBF5 /* ImageScanner.h */ = {isa = PBXFileReference; fileEncoding = 4; lastKnownFileType = sourcecode.c.h; path = ImageScanner.h; sourceTree = "<group>"; };
		B8CE01F1167E6E9D002DFBF5 /* Processor.h */ = {isa = PBXFileReference; fileEncoding = 4; lastKnownFileType = sourcecode.c.h; path = Processor.h; sourceTree = "<group>"; };
		B8CE01F2167E6E9D002DFBF5 /* Scanner.h */ = {isa = PBXFileReference; fileEncoding = 4; lastKnownFileType = sourcecode.c.h; path = Scanner.h; sourceTree = "<group>"; };
		B8CE01F3167E6E9D002DFBF5 /* Symbol.h */ = {isa = PBXFileReference; fileEncoding = 4; lastKnownFileType = sourcecode.c.h; path = Symbol.h; sourceTree = "<group>"; };
		B8CE01F4167E6E9D002DFBF5 /* Video.h */ = {isa = PBXFileReference; fileEncoding = 4; lastKnownFileType = sourcecode.c.h; path = Video.h; sourceTree = "<group>"; };
		B8CE01F5167E6E9D002DFBF5 /* Window.h */ = {isa = PBXFileReference; fileEncoding = 4; lastKnownFileType = sourcecode.c.h; path = Window.h; sourceTree = "<group>"; };
		B8CE01F6167E6E9D002DFBF5 /* zbar.h */ = {isa = PBXFileReference; fileEncoding = 4; lastKnownFileType = sourcecode.c.h; path = zbar.h; sourceTree = "<group>"; };
		B8CE01F7167E6E9D002DFBF5 /* ZBarCameraSimulator.h */ = {isa = PBXFileReference; fileEncoding = 4; lastKnownFileType = sourcecode.c.h; path = ZBarCameraSimulator.h; sourceTree = "<group>"; };
		B8CE01F8167E6E9D002DFBF5 /* ZBarCaptureReader.h */ = {isa = PBXFileReference; fileEncoding = 4; lastKnownFileType = sourcecode.c.h; path = ZBarCaptureReader.h; sourceTree = "<group>"; };
		B8CE01F9167E6E9D002DFBF5 /* ZBarHelpController.h */ = {isa = PBXFileReference; fileEncoding = 4; lastKnownFileType = sourcecode.c.h; path = ZBarHelpController.h; sourceTree = "<group>"; };
		B8CE01FA167E6E9D002DFBF5 /* ZBarImage.h */ = {isa = PBXFileReference; fileEncoding = 4; lastKnownFileType = sourcecode.c.h; path = ZBarImage.h; sourceTree = "<group>"; };
		B8CE01FB167E6E9D002DFBF5 /* ZBarImageScanner.h */ = {isa = PBXFileReference; fileEncoding = 4; lastKnownFileType = sourcecode.c.h; path = ZBarImageScanner.h; sourceTree = "<group>"; };
		B8CE01FC167E6E9D002DFBF5 /* ZBarReaderController.h */ = {isa = PBXFileReference; fileEncoding = 4; lastKnownFileType = sourcecode.c.h; path = ZBarReaderController.h; sourceTree = "<group>"; };
		B8CE01FD167E6E9D002DFBF5 /* ZBarReaderView.h */ = {isa = PBXFileReference; fileEncoding = 4; lastKnownFileType = sourcecode.c.h; path = ZBarReaderView.h; sourceTree = "<group>"; };
		B8CE01FE167E6E9D002DFBF5 /* ZBarReaderViewController.h */ = {isa = PBXFileReference; fileEncoding = 4; lastKnownFileType = sourcecode.c.h; path = ZBarReaderViewController.h; sourceTree = "<group>"; };
		B8CE01FF167E6E9D002DFBF5 /* ZBarSDK.h */ = {isa = PBXFileReference; fileEncoding = 4; lastKnownFileType = sourcecode.c.h; path = ZBarSDK.h; sourceTree = "<group>"; };
		B8CE0200167E6E9D002DFBF5 /* ZBarSymbol.h */ = {isa = PBXFileReference; fileEncoding = 4; lastKnownFileType = sourcecode.c.h; path = ZBarSymbol.h; sourceTree = "<group>"; };
		B8CE0201167E6E9D002DFBF5 /* libzbar.a */ = {isa = PBXFileReference; lastKnownFileType = archive.ar; name = libzbar.a; path = Pennmeet/ZBarSDK/libzbar.a; sourceTree = "<group>"; };
		B8CE0203167E6E9D002DFBF5 /* zbar-back.png */ = {isa = PBXFileReference; lastKnownFileType = image.png; path = "zbar-back.png"; sourceTree = "<group>"; };
		B8CE0204167E6E9D002DFBF5 /* zbar-help.html */ = {isa = PBXFileReference; fileEncoding = 4; lastKnownFileType = text.html; path = "zbar-help.html"; sourceTree = "<group>"; };
		B8CE0205167E6E9D002DFBF5 /* zbar-helpicons.png */ = {isa = PBXFileReference; lastKnownFileType = image.png; path = "zbar-helpicons.png"; sourceTree = "<group>"; };
		B8CE0206167E6E9D002DFBF5 /* zbar-samples.png */ = {isa = PBXFileReference; lastKnownFileType = image.png; path = "zbar-samples.png"; sourceTree = "<group>"; };
/* End PBXFileReference section */

/* Begin PBXFrameworksBuildPhase section */
		4C7E715D167A45E0007C1B87 /* Frameworks */ = {
			isa = PBXFrameworksBuildPhase;
			buildActionMask = 2147483647;
			files = (
				4C2548FE1688DC7900AAB225 /* FacebookSDK in Frameworks */,
				B83F123E167E763B0008384B /* AVFoundation.framework in Frameworks */,
				B83F123F167E763B0008384B /* CoreMedia.framework in Frameworks */,
				B83F1240167E763B0008384B /* CoreVideo.framework in Frameworks */,
				B83F1241167E763B0008384B /* libiconv.dylib in Frameworks */,
				B83F1242167E763B0008384B /* QuartzCore.framework in Frameworks */,
				B8CE01E8167E6697002DFBF5 /* MobileCoreServices.framework in Frameworks */,
				4C4AAA00167E4FDD00A546CF /* Social.framework in Frameworks */,
				4C4AAA01167E4FDD00A546CF /* Accounts.framework in Frameworks */,
				4C4AAA02167E4FDD00A546CF /* AdSupport.framework in Frameworks */,
				4C67044B1684E8E40026E8C9 /* libzbar.a in Frameworks */,
				4C7E7169167A45E0007C1B87 /* CoreGraphics.framework in Frameworks */,
				4C7E7165167A45E0007C1B87 /* UIKit.framework in Frameworks */,
				4C7E7167167A45E0007C1B87 /* Foundation.framework in Frameworks */,
			);
			runOnlyForDeploymentPostprocessing = 0;
		};
/* End PBXFrameworksBuildPhase section */

/* Begin PBXGroup section */
		4C1440C7167DC4BE006478A6 /* images */ = {
			isa = PBXGroup;
			children = (
				4C1440CA167DCA4A006478A6 /* redox_01.png */,
				4C1440C8167DCA3F006478A6 /* redox_01_@2X.png */,
				4C1440C5167DC4BB006478A6 /* benjamins.gif */,
				4C2D76FE167CE113001071B3 /* glyphicons_011_camera.png */,
				4C2D76FC167CE092001071B3 /* glyphicons_003_user.png */,
				4C2D76F9167CE068001071B3 /* group_glyph.png */,
				4CBC47BF167B325100B20DF6 /* 01-refresh.png */,
				4CE1FED8167B279C003ED5A8 /* refresh.png */,
				4CA49DA8167A9416005B8D44 /* plus_black.png */,
				4CA49DA9167A9416005B8D44 /* plus_white.png */,
				4C7E7192167A45FC007C1B87 /* fb_circ.png */,
				4C7E7193167A45FC007C1B87 /* foggy_birds_@2X.png */,
				4C7E7194167A45FC007C1B87 /* foggy_birds.png */,
				4C7E7195167A45FC007C1B87 /* groups1.png */,
				4C7E7196167A45FC007C1B87 /* pennmeet-icon.png */,
				4C7E7198167A45FC007C1B87 /* twitter_circ.png */,
			);
			name = images;
			sourceTree = "<group>";
		};
		4C194681167AE5E1002B63E5 /* Models */ = {
			isa = PBXGroup;
			children = (
				4C194682167AE5EE002B63E5 /* PennMeetUser.h */,
				4C194683167AE5EE002B63E5 /* PennMeetUser.m */,
				4C194685167AEB1D002B63E5 /* PennMeetCurrentLoggedInUser.h */,
				4C194686167AEB1D002B63E5 /* PennMeetCurrentLoggedInUser.m */,
				4C1BA281167AF2C40078D2CB /* PennMeetGroup.h */,
				4C1BA282167AF2C40078D2CB /* PennMeetGroup.m */,
				4C276C4A167CFCEE00D2FD95 /* PennMeetSimplifiedGroup.h */,
				4C276C4B167CFCEE00D2FD95 /* PennMeetSimplifiedGroup.m */,
			);
			name = Models;
			sourceTree = "<group>";
		};
		4C7E7155167A45E0007C1B87 = {
			isa = PBXGroup;
			children = (
				4CBAD74216864B9C00142B33 /* FacebookSDK */,
				B8CE01E9167E6E9D002DFBF5 /* ZBarSDK */,
				B82AC004167D967E00D85472 /* QR */,
				4C7E716A167A45E0007C1B87 /* PennMeet */,
				4C7E7163167A45E0007C1B87 /* Frameworks */,
				4C7E7161167A45E0007C1B87 /* Products */,
			);
			sourceTree = "<group>";
		};
		4C7E7161167A45E0007C1B87 /* Products */ = {
			isa = PBXGroup;
			children = (
				4C7E7160167A45E0007C1B87 /* PennMeet.app */,
			);
			name = Products;
			sourceTree = "<group>";
		};
		4C7E7163167A45E0007C1B87 /* Frameworks */ = {
			isa = PBXGroup;
			children = (
				B8CE0201167E6E9D002DFBF5 /* libzbar.a */,
				B83F1239167E763B0008384B /* AVFoundation.framework */,
				B83F123A167E763B0008384B /* CoreMedia.framework */,
				B83F123B167E763B0008384B /* CoreVideo.framework */,
				B83F123C167E763B0008384B /* libiconv.dylib */,
				B83F123D167E763B0008384B /* QuartzCore.framework */,
				B8CE01E7167E6697002DFBF5 /* MobileCoreServices.framework */,
				4C4AA9FE167E4FC700A546CF /* Social.framework */,
				4C4AA9FC167E4FC300A546CF /* Accounts.framework */,
				4C4AA9FA167E4FBA00A546CF /* AdSupport.framework */,
				4C7E7164167A45E0007C1B87 /* UIKit.framework */,
				4C7E7166167A45E0007C1B87 /* Foundation.framework */,
				4C7E7168167A45E0007C1B87 /* CoreGraphics.framework */,
			);
			name = Frameworks;
			sourceTree = "<group>";
		};
		4C7E716A167A45E0007C1B87 /* PennMeet */ = {
			isa = PBXGroup;
			children = (
				4C7E7173167A45E0007C1B87 /* PennMeetAppDelegate.h */,
				4C7E7174167A45E0007C1B87 /* PennMeetAppDelegate.m */,
				4C194681167AE5E1002B63E5 /* Models */,
				4C7E717C167A45E0007C1B87 /* MainStoryboard.storyboard */,
				4C7E717F167A45E0007C1B87 /* PennMeetFirstViewController.h */,
				4C7E7180167A45E0007C1B87 /* PennMeetFirstViewController.m */,
				4C7E7186167A45E0007C1B87 /* PennMeetSecondViewController.h */,
				4C7E7187167A45E0007C1B87 /* PennMeetSecondViewController.m */,
				4CA49DAD167A9499005B8D44 /* PennMeetThirdViewController.h */,
				4CA49DAE167A9499005B8D44 /* PennMeetThirdViewController.m */,
				4C7E7182167A45E0007C1B87 /* first.png */,
				4C7E7184167A45E0007C1B87 /* first@2x.png */,
				4C1BA284167B0CD00078D2CB /* PennMeetGroupViewController.h */,
				4C1BA285167B0CD00078D2CB /* PennMeetGroupViewController.m */,
				4C194491167A9E1B002B63E5 /* PennMeetCreateGroupViewController.h */,
				4C194492167A9E1B002B63E5 /* PennMeetCreateGroupViewController.mm */,
				4C524F5A167D60D80080E15C /* PennMeetEditProfileViewController.h */,
				4C524F5B167D60D80080E15C /* PennMeetEditProfileViewController.m */,
				4C1440AC167DBB6E006478A6 /* PennMeetLoginViewController.h */,
				4C1440AD167DBB6E006478A6 /* PennMeetLoginViewController.m */,
				4CD0B891167E7A0000661CC6 /* PennMeetSignUpViewController.h */,
				4CD0B892167E7A0000661CC6 /* PennMeetSignUpViewController.m */,
				4C7E7189167A45E0007C1B87 /* second.png */,
				4C7E718B167A45E0007C1B87 /* second@2x.png */,
				4C7E716B167A45E0007C1B87 /* Supporting Files */,
			);
			path = PennMeet;
			sourceTree = "<group>";
		};
		4C7E716B167A45E0007C1B87 /* Supporting Files */ = {
			isa = PBXGroup;
			children = (
				4C1440C7167DC4BE006478A6 /* images */,
				4C7E716C167A45E0007C1B87 /* PennMeet-Info.plist */,
				4C7E716D167A45E0007C1B87 /* InfoPlist.strings */,
				4C7E7170167A45E0007C1B87 /* main.m */,
				4C7E7172167A45E0007C1B87 /* PennMeet-Prefix.pch */,
				4C7E7176167A45E0007C1B87 /* Default.png */,
				4C7E7178167A45E0007C1B87 /* Default@2x.png */,
				4C7E717A167A45E0007C1B87 /* Default-568h@2x.png */,
			);
			name = "Supporting Files";
			sourceTree = "<group>";
		};
		4CBAD6A116864B7200142B33 /* Headers */ = {
			isa = PBXGroup;
			children = (
				4CBAD6A216864B7200142B33 /* FacebookSDK.h */,
				4CBAD6A316864B7200142B33 /* FBCacheDescriptor.h */,
				4CBAD6A416864B7200142B33 /* FBError.h */,
				4CBAD6A516864B7200142B33 /* FBFriendPickerViewController.h */,
				4CBAD6A616864B7200142B33 /* FBGraphLocation.h */,
				4CBAD6A716864B7200142B33 /* FBGraphObject.h */,
				4CBAD6A816864B7200142B33 /* FBGraphPlace.h */,
				4CBAD6A916864B7200142B33 /* FBGraphUser.h */,
				4CBAD6AA16864B7200142B33 /* FBLoginView.h */,
				4CBAD6AB16864B7200142B33 /* FBNativeDialogs.h */,
				4CBAD6AC16864B7200142B33 /* FBOpenGraphAction.h */,
				4CBAD6AD16864B7200142B33 /* FBPlacePickerViewController.h */,
				4CBAD6AE16864B7200142B33 /* FBProfilePictureView.h */,
				4CBAD6AF16864B7200142B33 /* FBRequest.h */,
				4CBAD6B016864B7200142B33 /* FBRequestConnection.h */,
				4CBAD6B116864B7200142B33 /* FBSession.h */,
				4CBAD6B216864B7200142B33 /* FBSessionTokenCachingStrategy.h */,
				4CBAD6B316864B7200142B33 /* FBSettings.h */,
				4CBAD6B416864B7200142B33 /* FBTestSession.h */,
				4CBAD6B516864B7200142B33 /* FBUserSettingsViewController.h */,
				4CBAD6B616864B7200142B33 /* FBViewController.h */,
			);
			name = Headers;
			path = ../../../FacebookSDK/FacebookSDK.framework/Versions/A/Headers;
			sourceTree = "<group>";
		};
		4CBAD6B816864B7D00142B33 /* Versions */ = {
			isa = PBXGroup;
			children = (
				4CBAD6B916864B7D00142B33 /* A */,
				4CBAD6F516864B7D00142B33 /* Current */,
			);
			name = Versions;
			path = FacebookSDK.framework/Versions;
			sourceTree = "<group>";
		};
		4CBAD6B916864B7D00142B33 /* A */ = {
			isa = PBXGroup;
			children = (
				4CBAD6BA16864B7D00142B33 /* DeprecatedHeaders */,
				4CBAD6DA16864B7D00142B33 /* FacebookSDK */,
				4CBAD6DB16864B7D00142B33 /* Headers */,
				4CBAD6F116864B7D00142B33 /* Resources */,
			);
			path = A;
			sourceTree = "<group>";
		};
		4CBAD6BA16864B7D00142B33 /* DeprecatedHeaders */ = {
			isa = PBXGroup;
			children = (
				4CBAD6BB16864B7D00142B33 /* Facebook.h */,
				4CBAD6BC16864B7D00142B33 /* FacebookSDK.h */,
				4CBAD6BD16864B7D00142B33 /* FBCacheDescriptor.h */,
				4CBAD6BE16864B7D00142B33 /* FBConnect.h */,
				4CBAD6BF16864B7D00142B33 /* FBDialog.h */,
				4CBAD6C016864B7D00142B33 /* FBError.h */,
				4CBAD6C116864B7D00142B33 /* FBFrictionlessRequestSettings.h */,
				4CBAD6C216864B7D00142B33 /* FBFriendPickerViewController.h */,
				4CBAD6C316864B7D00142B33 /* FBGraphLocation.h */,
				4CBAD6C416864B7D00142B33 /* FBGraphObject.h */,
				4CBAD6C516864B7D00142B33 /* FBGraphPlace.h */,
				4CBAD6C616864B7D00142B33 /* FBGraphUser.h */,
				4CBAD6C716864B7D00142B33 /* FBLoginDialog.h */,
				4CBAD6C816864B7D00142B33 /* FBLoginView.h */,
				4CBAD6C916864B7D00142B33 /* FBNativeDialogs.h */,
				4CBAD6CA16864B7D00142B33 /* FBOpenGraphAction.h */,
				4CBAD6CB16864B7D00142B33 /* FBPlacePickerViewController.h */,
				4CBAD6CC16864B7D00142B33 /* FBProfilePictureView.h */,
				4CBAD6CD16864B7D00142B33 /* FBRequest.h */,
				4CBAD6CE16864B7D00142B33 /* FBRequestConnection.h */,
				4CBAD6CF16864B7D00142B33 /* FBSBJSON.h */,
				4CBAD6D016864B7D00142B33 /* FBSBJsonBase.h */,
				4CBAD6D116864B7D00142B33 /* FBSBJsonParser.h */,
				4CBAD6D216864B7D00142B33 /* FBSBJsonWriter.h */,
				4CBAD6D316864B7D00142B33 /* FBSession.h */,
				4CBAD6D416864B7D00142B33 /* FBSessionManualTokenCachingStrategy.h */,
				4CBAD6D516864B7D00142B33 /* FBSessionTokenCachingStrategy.h */,
				4CBAD6D616864B7D00142B33 /* FBSettings.h */,
				4CBAD6D716864B7D00142B33 /* FBTestSession.h */,
				4CBAD6D816864B7D00142B33 /* FBUserSettingsViewController.h */,
				4CBAD6D916864B7D00142B33 /* FBViewController.h */,
			);
			path = DeprecatedHeaders;
			sourceTree = "<group>";
		};
		4CBAD6DB16864B7D00142B33 /* Headers */ = {
			isa = PBXGroup;
			children = (
				4CBAD6DC16864B7D00142B33 /* FacebookSDK.h */,
				4CBAD6DD16864B7D00142B33 /* FBCacheDescriptor.h */,
				4CBAD6DE16864B7D00142B33 /* FBError.h */,
				4CBAD6DF16864B7D00142B33 /* FBFriendPickerViewController.h */,
				4CBAD6E016864B7D00142B33 /* FBGraphLocation.h */,
				4CBAD6E116864B7D00142B33 /* FBGraphObject.h */,
				4CBAD6E216864B7D00142B33 /* FBGraphPlace.h */,
				4CBAD6E316864B7D00142B33 /* FBGraphUser.h */,
				4CBAD6E416864B7D00142B33 /* FBLoginView.h */,
				4CBAD6E516864B7D00142B33 /* FBNativeDialogs.h */,
				4CBAD6E616864B7D00142B33 /* FBOpenGraphAction.h */,
				4CBAD6E716864B7D00142B33 /* FBPlacePickerViewController.h */,
				4CBAD6E816864B7D00142B33 /* FBProfilePictureView.h */,
				4CBAD6E916864B7D00142B33 /* FBRequest.h */,
				4CBAD6EA16864B7D00142B33 /* FBRequestConnection.h */,
				4CBAD6EB16864B7D00142B33 /* FBSession.h */,
				4CBAD6EC16864B7D00142B33 /* FBSessionTokenCachingStrategy.h */,
				4CBAD6ED16864B7D00142B33 /* FBSettings.h */,
				4CBAD6EE16864B7D00142B33 /* FBTestSession.h */,
				4CBAD6EF16864B7D00142B33 /* FBUserSettingsViewController.h */,
				4CBAD6F016864B7D00142B33 /* FBViewController.h */,
			);
			path = Headers;
			sourceTree = "<group>";
		};
		4CBAD6F116864B7D00142B33 /* Resources */ = {
			isa = PBXGroup;
			children = (
				4CBAD6F216864B7D00142B33 /* FacebookSDKResources.bundle */,
				4CBAD6F316864B7D00142B33 /* FBUserSettingsViewResources.bundle */,
				4CBAD6F416864B7D00142B33 /* Info.plist */,
			);
			path = Resources;
			sourceTree = "<group>";
		};
		4CBAD6F516864B7D00142B33 /* Current */ = {
			isa = PBXGroup;
			children = (
				4CBAD6F616864B7D00142B33 /* DeprecatedHeaders */,
				4CBAD71616864B7D00142B33 /* FacebookSDK */,
				4CBAD71716864B7D00142B33 /* Headers */,
				4CBAD72D16864B7D00142B33 /* Resources */,
			);
			path = Current;
			sourceTree = "<group>";
		};
		4CBAD6F616864B7D00142B33 /* DeprecatedHeaders */ = {
			isa = PBXGroup;
			children = (
				4CBAD6F716864B7D00142B33 /* Facebook.h */,
				4CBAD6F816864B7D00142B33 /* FacebookSDK.h */,
				4CBAD6F916864B7D00142B33 /* FBCacheDescriptor.h */,
				4CBAD6FA16864B7D00142B33 /* FBConnect.h */,
				4CBAD6FB16864B7D00142B33 /* FBDialog.h */,
				4CBAD6FC16864B7D00142B33 /* FBError.h */,
				4CBAD6FD16864B7D00142B33 /* FBFrictionlessRequestSettings.h */,
				4CBAD6FE16864B7D00142B33 /* FBFriendPickerViewController.h */,
				4CBAD6FF16864B7D00142B33 /* FBGraphLocation.h */,
				4CBAD70016864B7D00142B33 /* FBGraphObject.h */,
				4CBAD70116864B7D00142B33 /* FBGraphPlace.h */,
				4CBAD70216864B7D00142B33 /* FBGraphUser.h */,
				4CBAD70316864B7D00142B33 /* FBLoginDialog.h */,
				4CBAD70416864B7D00142B33 /* FBLoginView.h */,
				4CBAD70516864B7D00142B33 /* FBNativeDialogs.h */,
				4CBAD70616864B7D00142B33 /* FBOpenGraphAction.h */,
				4CBAD70716864B7D00142B33 /* FBPlacePickerViewController.h */,
				4CBAD70816864B7D00142B33 /* FBProfilePictureView.h */,
				4CBAD70916864B7D00142B33 /* FBRequest.h */,
				4CBAD70A16864B7D00142B33 /* FBRequestConnection.h */,
				4CBAD70B16864B7D00142B33 /* FBSBJSON.h */,
				4CBAD70C16864B7D00142B33 /* FBSBJsonBase.h */,
				4CBAD70D16864B7D00142B33 /* FBSBJsonParser.h */,
				4CBAD70E16864B7D00142B33 /* FBSBJsonWriter.h */,
				4CBAD70F16864B7D00142B33 /* FBSession.h */,
				4CBAD71016864B7D00142B33 /* FBSessionManualTokenCachingStrategy.h */,
				4CBAD71116864B7D00142B33 /* FBSessionTokenCachingStrategy.h */,
				4CBAD71216864B7D00142B33 /* FBSettings.h */,
				4CBAD71316864B7D00142B33 /* FBTestSession.h */,
				4CBAD71416864B7D00142B33 /* FBUserSettingsViewController.h */,
				4CBAD71516864B7D00142B33 /* FBViewController.h */,
			);
			path = DeprecatedHeaders;
			sourceTree = "<group>";
		};
		4CBAD71716864B7D00142B33 /* Headers */ = {
			isa = PBXGroup;
			children = (
				4CBAD71816864B7D00142B33 /* FacebookSDK.h */,
				4CBAD71916864B7D00142B33 /* FBCacheDescriptor.h */,
				4CBAD71A16864B7D00142B33 /* FBError.h */,
				4CBAD71B16864B7D00142B33 /* FBFriendPickerViewController.h */,
				4CBAD71C16864B7D00142B33 /* FBGraphLocation.h */,
				4CBAD71D16864B7D00142B33 /* FBGraphObject.h */,
				4CBAD71E16864B7D00142B33 /* FBGraphPlace.h */,
				4CBAD71F16864B7D00142B33 /* FBGraphUser.h */,
				4CBAD72016864B7D00142B33 /* FBLoginView.h */,
				4CBAD72116864B7D00142B33 /* FBNativeDialogs.h */,
				4CBAD72216864B7D00142B33 /* FBOpenGraphAction.h */,
				4CBAD72316864B7D00142B33 /* FBPlacePickerViewController.h */,
				4CBAD72416864B7D00142B33 /* FBProfilePictureView.h */,
				4CBAD72516864B7D00142B33 /* FBRequest.h */,
				4CBAD72616864B7D00142B33 /* FBRequestConnection.h */,
				4CBAD72716864B7D00142B33 /* FBSession.h */,
				4CBAD72816864B7D00142B33 /* FBSessionTokenCachingStrategy.h */,
				4CBAD72916864B7D00142B33 /* FBSettings.h */,
				4CBAD72A16864B7D00142B33 /* FBTestSession.h */,
				4CBAD72B16864B7D00142B33 /* FBUserSettingsViewController.h */,
				4CBAD72C16864B7D00142B33 /* FBViewController.h */,
			);
			path = Headers;
			sourceTree = "<group>";
		};
		4CBAD72D16864B7D00142B33 /* Resources */ = {
			isa = PBXGroup;
			children = (
				4CBAD72E16864B7D00142B33 /* FacebookSDKResources.bundle */,
				4CBAD72F16864B7D00142B33 /* FBUserSettingsViewResources.bundle */,
				4CBAD73016864B7D00142B33 /* Info.plist */,
			);
			path = Resources;
			sourceTree = "<group>";
		};
		4CBAD73B16864B9700142B33 /* Resources */ = {
			isa = PBXGroup;
			children = (
				4CBAD73C16864B9700142B33 /* FacebookSDKResources.bundle */,
				4CBAD73D16864B9700142B33 /* FBUserSettingsViewResources.bundle */,
			);
			name = Resources;
			path = ../../../FacebookSDK/FacebookSDK.framework/Versions/A/Resources;
			sourceTree = "<group>";
		};
		4CBAD74216864B9C00142B33 /* FacebookSDK */ = {
			isa = PBXGroup;
			children = (
				4CBAD73B16864B9700142B33 /* Resources */,
				4CBAD73916864B8E00142B33 /* FacebookSDK */,
				4CBAD6B816864B7D00142B33 /* Versions */,
				4CBAD6A116864B7200142B33 /* Headers */,
			);
			name = FacebookSDK;
			sourceTree = "<group>";
		};
		B82AC004167D967E00D85472 /* QR */ = {
			isa = PBXGroup;
			children = (
				B82AC005167D967E00D85472 /* DataMatrix.h */,
				B82AC006167D967E00D85472 /* DataMatrix.mm */,
				B82AC007167D967E00D85472 /* QR_Encode.cpp */,
				B82AC008167D967E00D85472 /* QR_Encode.h */,
				B82AC009167D967E00D85472 /* QRCodeEncoderDemoViewController.h */,
				B82AC00A167D967E00D85472 /* QRCodeEncoderDemoViewController.mm */,
				B82AC00C167D967E00D85472 /* QREncoder-Prefix.pch */,
				B82AC00D167D967E00D85472 /* QREncoder.h */,
				B82AC00E167D967E00D85472 /* QREncoder.mm */,
			);
			name = QR;
			path = Pennmeet/QR;
			sourceTree = "<group>";
		};
		B8CE01E9167E6E9D002DFBF5 /* ZBarSDK */ = {
			isa = PBXGroup;
			children = (
				B8CE01EA167E6E9D002DFBF5 /* Headers */,
				B8CE0202167E6E9D002DFBF5 /* Resources */,
			);
			name = ZBarSDK;
			path = Pennmeet/ZBarSDK;
			sourceTree = "<group>";
		};
		B8CE01EA167E6E9D002DFBF5 /* Headers */ = {
			isa = PBXGroup;
			children = (
				B8CE01EB167E6E9D002DFBF5 /* ZBarSDK */,
			);
			path = Headers;
			sourceTree = "<group>";
		};
		B8CE01EB167E6E9D002DFBF5 /* ZBarSDK */ = {
			isa = PBXGroup;
			children = (
				B8CE01EC167E6E9D002DFBF5 /* zbar */,
				B8CE01F6167E6E9D002DFBF5 /* zbar.h */,
				B8CE01F7167E6E9D002DFBF5 /* ZBarCameraSimulator.h */,
				B8CE01F8167E6E9D002DFBF5 /* ZBarCaptureReader.h */,
				B8CE01F9167E6E9D002DFBF5 /* ZBarHelpController.h */,
				B8CE01FA167E6E9D002DFBF5 /* ZBarImage.h */,
				B8CE01FB167E6E9D002DFBF5 /* ZBarImageScanner.h */,
				B8CE01FC167E6E9D002DFBF5 /* ZBarReaderController.h */,
				B8CE01FD167E6E9D002DFBF5 /* ZBarReaderView.h */,
				B8CE01FE167E6E9D002DFBF5 /* ZBarReaderViewController.h */,
				B8CE01FF167E6E9D002DFBF5 /* ZBarSDK.h */,
				B8CE0200167E6E9D002DFBF5 /* ZBarSymbol.h */,
			);
			path = ZBarSDK;
			sourceTree = "<group>";
		};
		B8CE01EC167E6E9D002DFBF5 /* zbar */ = {
			isa = PBXGroup;
			children = (
				B8CE01ED167E6E9D002DFBF5 /* Decoder.h */,
				B8CE01EE167E6E9D002DFBF5 /* Exception.h */,
				B8CE01EF167E6E9D002DFBF5 /* Image.h */,
				B8CE01F0167E6E9D002DFBF5 /* ImageScanner.h */,
				B8CE01F1167E6E9D002DFBF5 /* Processor.h */,
				B8CE01F2167E6E9D002DFBF5 /* Scanner.h */,
				B8CE01F3167E6E9D002DFBF5 /* Symbol.h */,
				B8CE01F4167E6E9D002DFBF5 /* Video.h */,
				B8CE01F5167E6E9D002DFBF5 /* Window.h */,
			);
			path = zbar;
			sourceTree = "<group>";
		};
		B8CE0202167E6E9D002DFBF5 /* Resources */ = {
			isa = PBXGroup;
			children = (
				B8CE0203167E6E9D002DFBF5 /* zbar-back.png */,
				B8CE0204167E6E9D002DFBF5 /* zbar-help.html */,
				B8CE0205167E6E9D002DFBF5 /* zbar-helpicons.png */,
				B8CE0206167E6E9D002DFBF5 /* zbar-samples.png */,
			);
			path = Resources;
			sourceTree = "<group>";
		};
/* End PBXGroup section */

/* Begin PBXNativeTarget section */
		4C7E715F167A45E0007C1B87 /* PennMeet */ = {
			isa = PBXNativeTarget;
			buildConfigurationList = 4C7E718F167A45E0007C1B87 /* Build configuration list for PBXNativeTarget "PennMeet" */;
			buildPhases = (
				4C7E715C167A45E0007C1B87 /* Sources */,
				4C7E715D167A45E0007C1B87 /* Frameworks */,
				4C7E715E167A45E0007C1B87 /* Resources */,
			);
			buildRules = (
			);
			dependencies = (
			);
			name = PennMeet;
			productName = PennMeet;
			productReference = 4C7E7160167A45E0007C1B87 /* PennMeet.app */;
			productType = "com.apple.product-type.application";
		};
/* End PBXNativeTarget section */

/* Begin PBXProject section */
		4C7E7157167A45E0007C1B87 /* Project object */ = {
			isa = PBXProject;
			attributes = {
				CLASSPREFIX = PennMeet;
				LastUpgradeCheck = 0450;
				ORGANIZATIONNAME = "Nathan Fraenkel";
			};
			buildConfigurationList = 4C7E715A167A45E0007C1B87 /* Build configuration list for PBXProject "PennMeet" */;
			compatibilityVersion = "Xcode 3.2";
			developmentRegion = English;
			hasScannedForEncodings = 0;
			knownRegions = (
				en,
				English,
			);
			mainGroup = 4C7E7155167A45E0007C1B87;
			productRefGroup = 4C7E7161167A45E0007C1B87 /* Products */;
			projectDirPath = "";
			projectRoot = "";
			targets = (
				4C7E715F167A45E0007C1B87 /* PennMeet */,
			);
		};
/* End PBXProject section */

/* Begin PBXResourcesBuildPhase section */
		4C7E715E167A45E0007C1B87 /* Resources */ = {
			isa = PBXResourcesBuildPhase;
			buildActionMask = 2147483647;
			files = (
				4C7E716F167A45E0007C1B87 /* InfoPlist.strings in Resources */,
				4C7E7177167A45E0007C1B87 /* Default.png in Resources */,
				4C7E7179167A45E0007C1B87 /* Default@2x.png in Resources */,
				4C7E717B167A45E0007C1B87 /* Default-568h@2x.png in Resources */,
				4C7E717E167A45E0007C1B87 /* MainStoryboard.storyboard in Resources */,
				4C7E7183167A45E0007C1B87 /* first.png in Resources */,
				4C7E7185167A45E0007C1B87 /* first@2x.png in Resources */,
				4C7E718A167A45E0007C1B87 /* second.png in Resources */,
				4C7E718C167A45E0007C1B87 /* second@2x.png in Resources */,
				4C7E7199167A45FC007C1B87 /* fb_circ.png in Resources */,
				4C7E719A167A45FC007C1B87 /* foggy_birds_@2X.png in Resources */,
				4C7E719B167A45FC007C1B87 /* foggy_birds.png in Resources */,
				4C7E719C167A45FC007C1B87 /* groups1.png in Resources */,
				4C7E719D167A45FC007C1B87 /* pennmeet-icon.png in Resources */,
				4C7E719F167A45FC007C1B87 /* twitter_circ.png in Resources */,
				4CA49DAA167A9416005B8D44 /* plus_black.png in Resources */,
				4CA49DAB167A9416005B8D44 /* plus_white.png in Resources */,
				4CE1FED9167B279C003ED5A8 /* refresh.png in Resources */,
				4CBC47C0167B325100B20DF6 /* 01-refresh.png in Resources */,
				4C2D76FA167CE068001071B3 /* group_glyph.png in Resources */,
				4C2D76FD167CE092001071B3 /* glyphicons_003_user.png in Resources */,
				4C2D76FF167CE113001071B3 /* glyphicons_011_camera.png in Resources */,
				4C1440C6167DC4BB006478A6 /* benjamins.gif in Resources */,
				4C1440C9167DCA3F006478A6 /* redox_01_@2X.png in Resources */,
				4C1440CB167DCA4A006478A6 /* redox_01.png in Resources */,
				B8CE0208167E6E9D002DFBF5 /* zbar-back.png in Resources */,
				B8CE0209167E6E9D002DFBF5 /* zbar-help.html in Resources */,
				B8CE020A167E6E9D002DFBF5 /* zbar-helpicons.png in Resources */,
				B8CE020B167E6E9D002DFBF5 /* zbar-samples.png in Resources */,
				4CBAD73216864B7D00142B33 /* FacebookSDKResources.bundle in Resources */,
				4CBAD73316864B7D00142B33 /* FBUserSettingsViewResources.bundle in Resources */,
				4CBAD73416864B7D00142B33 /* Info.plist in Resources */,
			);
			runOnlyForDeploymentPostprocessing = 0;
		};
/* End PBXResourcesBuildPhase section */

/* Begin PBXSourcesBuildPhase section */
		4C7E715C167A45E0007C1B87 /* Sources */ = {
			isa = PBXSourcesBuildPhase;
			buildActionMask = 2147483647;
			files = (
				4C7E7171167A45E0007C1B87 /* main.m in Sources */,
				4C7E7175167A45E0007C1B87 /* PennMeetAppDelegate.m in Sources */,
				4C7E7181167A45E0007C1B87 /* PennMeetFirstViewController.m in Sources */,
				4C7E7188167A45E0007C1B87 /* PennMeetSecondViewController.m in Sources */,
				4CA49DAF167A9499005B8D44 /* PennMeetThirdViewController.m in Sources */,
				4C194493167A9E1B002B63E5 /* PennMeetCreateGroupViewController.mm in Sources */,
				4C194684167AE5EE002B63E5 /* PennMeetUser.m in Sources */,
				4C194687167AEB1D002B63E5 /* PennMeetCurrentLoggedInUser.m in Sources */,
				4C1BA283167AF2C40078D2CB /* PennMeetGroup.m in Sources */,
				4C1BA286167B0CD00078D2CB /* PennMeetGroupViewController.m in Sources */,
				4C276C4C167CFCEE00D2FD95 /* PennMeetSimplifiedGroup.m in Sources */,
				4C524F5C167D60D80080E15C /* PennMeetEditProfileViewController.m in Sources */,
				B82AC00F167D967E00D85472 /* DataMatrix.mm in Sources */,
				B82AC010167D967E00D85472 /* QR_Encode.cpp in Sources */,
				B82AC011167D967E00D85472 /* QRCodeEncoderDemoViewController.mm in Sources */,
				B82AC012167D967E00D85472 /* QREncoder.mm in Sources */,
				4C1440AE167DBB6E006478A6 /* PennMeetLoginViewController.m in Sources */,
				4CD0B893167E7A0000661CC6 /* PennMeetSignUpViewController.m in Sources */,
			);
			runOnlyForDeploymentPostprocessing = 0;
		};
/* End PBXSourcesBuildPhase section */

/* Begin PBXVariantGroup section */
		4C7E716D167A45E0007C1B87 /* InfoPlist.strings */ = {
			isa = PBXVariantGroup;
			children = (
				4C7E716E167A45E0007C1B87 /* en */,
			);
			name = InfoPlist.strings;
			sourceTree = "<group>";
		};
		4C7E717C167A45E0007C1B87 /* MainStoryboard.storyboard */ = {
			isa = PBXVariantGroup;
			children = (
				4C7E717D167A45E0007C1B87 /* en */,
			);
			name = MainStoryboard.storyboard;
			sourceTree = "<group>";
		};
/* End PBXVariantGroup section */

/* Begin XCBuildConfiguration section */
		4C7E718D167A45E0007C1B87 /* Debug */ = {
			isa = XCBuildConfiguration;
			buildSettings = {
				ALWAYS_SEARCH_USER_PATHS = NO;
				CLANG_CXX_LANGUAGE_STANDARD = "gnu++0x";
				CLANG_CXX_LIBRARY = "libc++";
				CLANG_ENABLE_OBJC_ARC = YES;
				CLANG_WARN_EMPTY_BODY = YES;
				CLANG_WARN__DUPLICATE_METHOD_MATCH = YES;
				"CODE_SIGN_IDENTITY[sdk=iphoneos*]" = "iPhone Developer";
				COPY_PHASE_STRIP = NO;
				FRAMEWORK_SEARCH_PATHS = "";
				GCC_C_LANGUAGE_STANDARD = gnu99;
				GCC_DYNAMIC_NO_PIC = NO;
				GCC_OPTIMIZATION_LEVEL = 0;
				GCC_PREPROCESSOR_DEFINITIONS = (
					"DEBUG=1",
					"$(inherited)",
				);
				GCC_SYMBOLS_PRIVATE_EXTERN = NO;
				GCC_VERSION = com.apple.compilers.llvm.clang.1_0;
				GCC_WARN_ABOUT_RETURN_TYPE = YES;
				GCC_WARN_UNINITIALIZED_AUTOS = YES;
				GCC_WARN_UNUSED_VARIABLE = YES;
				IPHONEOS_DEPLOYMENT_TARGET = 6.0;
				ONLY_ACTIVE_ARCH = YES;
				OTHER_LDFLAGS = "-lsqlite3.0";
				SDKROOT = iphoneos;
			};
			name = Debug;
		};
		4C7E718E167A45E0007C1B87 /* Release */ = {
			isa = XCBuildConfiguration;
			buildSettings = {
				ALWAYS_SEARCH_USER_PATHS = NO;
				CLANG_CXX_LANGUAGE_STANDARD = "gnu++0x";
				CLANG_CXX_LIBRARY = "libc++";
				CLANG_ENABLE_OBJC_ARC = YES;
				CLANG_WARN_EMPTY_BODY = YES;
				CLANG_WARN__DUPLICATE_METHOD_MATCH = YES;
				"CODE_SIGN_IDENTITY[sdk=iphoneos*]" = "iPhone Developer";
				COPY_PHASE_STRIP = YES;
				FRAMEWORK_SEARCH_PATHS = "";
				GCC_C_LANGUAGE_STANDARD = gnu99;
				GCC_VERSION = com.apple.compilers.llvm.clang.1_0;
				GCC_WARN_ABOUT_RETURN_TYPE = YES;
				GCC_WARN_UNINITIALIZED_AUTOS = YES;
				GCC_WARN_UNUSED_VARIABLE = YES;
				IPHONEOS_DEPLOYMENT_TARGET = 6.0;
				OTHER_CFLAGS = "-DNS_BLOCK_ASSERTIONS=1";
				OTHER_LDFLAGS = "-lsqlite3.0";
				SDKROOT = iphoneos;
				VALIDATE_PRODUCT = YES;
			};
			name = Release;
		};
		4C7E7190167A45E0007C1B87 /* Debug */ = {
			isa = XCBuildConfiguration;
			buildSettings = {
				ALWAYS_SEARCH_USER_PATHS = YES;
				FRAMEWORK_SEARCH_PATHS = (
					"$(inherited)",
					"\"$(SRCROOT)/../../../FacebookSDK\"",
					"\"$(SRCROOT)\"",
				);
				"FRAMEWORK_SEARCH_PATHS[arch=*]" = "";
				GCC_PRECOMPILE_PREFIX_HEADER = YES;
				GCC_PREFIX_HEADER = "PennMeet/PennMeet-Prefix.pch";
				HEADER_SEARCH_PATHS = "";
				"HEADER_SEARCH_PATHS[arch=*]" = (
					"/QR-Code-Encoder-for-Objective-C/QRCodeEncoderObjectiveCAtGithub/**",
					"\"$(SRCROOT)/Pennmeet/FacebookSDK/Headers\"/**",
				);
				INFOPLIST_FILE = "PennMeet/PennMeet-Info.plist";
				LIBRARY_SEARCH_PATHS = (
					"$(inherited)",
					"\"$(SRCROOT)/Pennmeet/ZBarSDK\"",
					"\"$(SRCROOT)/../../../FacebookSDK/FacebookSDK.framework/Versions/A\"",
				);
				ONLY_ACTIVE_ARCH = NO;
				OTHER_LDFLAGS = "-lsqlite3.0";
				PRODUCT_NAME = "$(TARGET_NAME)";
				USER_HEADER_SEARCH_PATHS = "";
				VALID_ARCHS = armv7;
				WRAPPER_EXTENSION = app;
			};
			name = Debug;
		};
		4C7E7191167A45E0007C1B87 /* Release */ = {
			isa = XCBuildConfiguration;
			buildSettings = {
				ALWAYS_SEARCH_USER_PATHS = YES;
				FRAMEWORK_SEARCH_PATHS = (
					"$(inherited)",
					"\"$(SRCROOT)/../../../FacebookSDK\"",
					"\"$(SRCROOT)\"",
				);
				"FRAMEWORK_SEARCH_PATHS[arch=*]" = "";
				GCC_PRECOMPILE_PREFIX_HEADER = YES;
				GCC_PREFIX_HEADER = "PennMeet/PennMeet-Prefix.pch";
				HEADER_SEARCH_PATHS = "";
				INFOPLIST_FILE = "PennMeet/PennMeet-Info.plist";
				LIBRARY_SEARCH_PATHS = (
					"$(inherited)",
					"\"$(SRCROOT)/Pennmeet/ZBarSDK\"",
					"\"$(SRCROOT)/../../../FacebookSDK/FacebookSDK.framework/Versions/A\"",
				);
				ONLY_ACTIVE_ARCH = NO;
				OTHER_LDFLAGS = "-lsqlite3.0";
				PRODUCT_NAME = "$(TARGET_NAME)";
				USER_HEADER_SEARCH_PATHS = "\"$(SRCROOT)/Pennmeet/FacebookSDK/Headers\"";
				"USER_HEADER_SEARCH_PATHS[arch=*]" = "";
				VALID_ARCHS = armv7;
				WRAPPER_EXTENSION = app;
			};
			name = Release;
		};
/* End XCBuildConfiguration section */

/* Begin XCConfigurationList section */
		4C7E715A167A45E0007C1B87 /* Build configuration list for PBXProject "PennMeet" */ = {
			isa = XCConfigurationList;
			buildConfigurations = (
				4C7E718D167A45E0007C1B87 /* Debug */,
				4C7E718E167A45E0007C1B87 /* Release */,
			);
			defaultConfigurationIsVisible = 0;
			defaultConfigurationName = Release;
		};
		4C7E718F167A45E0007C1B87 /* Build configuration list for PBXNativeTarget "PennMeet" */ = {
			isa = XCConfigurationList;
			buildConfigurations = (
				4C7E7190167A45E0007C1B87 /* Debug */,
				4C7E7191167A45E0007C1B87 /* Release */,
			);
			defaultConfigurationIsVisible = 0;
			defaultConfigurationName = Release;
		};
/* End XCConfigurationList section */
	};
	rootObject = 4C7E7157167A45E0007C1B87 /* Project object */;
}
